// !$*UTF8*$!
{
	archiveVersion = 1;
	classes = {
	};
	objectVersion = 51;
	objects = {

/* Begin PBXBuildFile section */
		3EB2C82B1704CE8607E3479A /* Pods_Sway.framework in Frameworks */ = {isa = PBXBuildFile; fileRef = 7C80A2425B47D718A9E515A5 /* Pods_Sway.framework */; };
		8406383E264D177D008CFC46 /* Feed.storyboard in Resources */ = {isa = PBXBuildFile; fileRef = 8406383D264D177D008CFC46 /* Feed.storyboard */; };
		84063841264D1796008CFC46 /* Planner.storyboard in Resources */ = {isa = PBXBuildFile; fileRef = 84063840264D1796008CFC46 /* Planner.storyboard */; };
		84063844264D17A2008CFC46 /* Workouts.storyboard in Resources */ = {isa = PBXBuildFile; fileRef = 84063843264D17A2008CFC46 /* Workouts.storyboard */; };
		84063847264D17AF008CFC46 /* Progress.storyboard in Resources */ = {isa = PBXBuildFile; fileRef = 84063846264D17AF008CFC46 /* Progress.storyboard */; };
		8406384C264D191F008CFC46 /* SwayTabbarVC.swift in Sources */ = {isa = PBXBuildFile; fileRef = 8406384B264D191F008CFC46 /* SwayTabbarVC.swift */; };
		8414794B2653F7C2007614BC /* AddVideoViewModel.swift in Sources */ = {isa = PBXBuildFile; fileRef = 8414794A2653F7C2007614BC /* AddVideoViewModel.swift */; };
		8414794E2653FAA1007614BC /* VideoUtility.swift in Sources */ = {isa = PBXBuildFile; fileRef = 8414794D2653FAA1007614BC /* VideoUtility.swift */; };
		84154D1D266A5695001D6DA2 /* SyncWithCalenderVC.swift in Sources */ = {isa = PBXBuildFile; fileRef = 84154D1C266A5695001D6DA2 /* SyncWithCalenderVC.swift */; };
		842364E82642FD5E001DA7E6 /* AWSUploadController.swift in Sources */ = {isa = PBXBuildFile; fileRef = 842364E72642FD5E001DA7E6 /* AWSUploadController.swift */; };
		842365F22643CD33001DA7E6 /* VerifyOtpResponse.swift in Sources */ = {isa = PBXBuildFile; fileRef = 842365F12643CD33001DA7E6 /* VerifyOtpResponse.swift */; };
		842365F52643FF80001DA7E6 /* HomeVC.swift in Sources */ = {isa = PBXBuildFile; fileRef = 842365F42643FF80001DA7E6 /* HomeVC.swift */; };
		842365F826441649001DA7E6 /* UserDefaults.swift in Sources */ = {isa = PBXBuildFile; fileRef = 842365F726441649001DA7E6 /* UserDefaults.swift */; };
		842AE405265E7370002E9BC7 /* ViewImageVC.swift in Sources */ = {isa = PBXBuildFile; fileRef = 842AE404265E7370002E9BC7 /* ViewImageVC.swift */; };
		842AE408265E7BE2002E9BC7 /* CommentsVC.swift in Sources */ = {isa = PBXBuildFile; fileRef = 842AE407265E7BE2002E9BC7 /* CommentsVC.swift */; };
		842AE40C265E907F002E9BC7 /* PredefinedCommentsCell.swift in Sources */ = {isa = PBXBuildFile; fileRef = 842AE40B265E907F002E9BC7 /* PredefinedCommentsCell.swift */; };
		842AE48B265F6C66002E9BC7 /* PredefinedCommentResponse.swift in Sources */ = {isa = PBXBuildFile; fileRef = 842AE48A265F6C66002E9BC7 /* PredefinedCommentResponse.swift */; };
		842AE48E265FDAE8002E9BC7 /* CommentsViewModel.swift in Sources */ = {isa = PBXBuildFile; fileRef = 842AE48D265FDAE7002E9BC7 /* CommentsViewModel.swift */; };
		842AE491265FDCA2002E9BC7 /* CommentsResponse.swift in Sources */ = {isa = PBXBuildFile; fileRef = 842AE490265FDCA2002E9BC7 /* CommentsResponse.swift */; };
		842AE494265FE0F1002E9BC7 /* CommentCell.swift in Sources */ = {isa = PBXBuildFile; fileRef = 842AE493265FE0F1002E9BC7 /* CommentCell.swift */; };
		843423FE26314B480025700B /* GoogleSignInManager.swift in Sources */ = {isa = PBXBuildFile; fileRef = 843423FD26314B480025700B /* GoogleSignInManager.swift */; };
		84342403263176040025700B /* FacebookLoginManager.swift in Sources */ = {isa = PBXBuildFile; fileRef = 84342402263176040025700B /* FacebookLoginManager.swift */; };
		84347030262470D500566FB2 /* AppDelegate.swift in Sources */ = {isa = PBXBuildFile; fileRef = 8434702F262470D500566FB2 /* AppDelegate.swift */; };
		84347032262470D500566FB2 /* SceneDelegate.swift in Sources */ = {isa = PBXBuildFile; fileRef = 84347031262470D500566FB2 /* SceneDelegate.swift */; };
		84347034262470D500566FB2 /* ViewController.swift in Sources */ = {isa = PBXBuildFile; fileRef = 84347033262470D500566FB2 /* ViewController.swift */; };
		84347037262470D500566FB2 /* Main.storyboard in Resources */ = {isa = PBXBuildFile; fileRef = 84347035262470D500566FB2 /* Main.storyboard */; };
		84347039262470D900566FB2 /* Assets.xcassets in Resources */ = {isa = PBXBuildFile; fileRef = 84347038262470D900566FB2 /* Assets.xcassets */; };
		8434703C262470D900566FB2 /* LaunchScreen.storyboard in Resources */ = {isa = PBXBuildFile; fileRef = 8434703A262470D900566FB2 /* LaunchScreen.storyboard */; };
		8434704F262474B900566FB2 /* Constants.swift in Sources */ = {isa = PBXBuildFile; fileRef = 8434704E262474B900566FB2 /* Constants.swift */; };
		8434705A2624780100566FB2 /* LoginRegisterEndPoint.swift in Sources */ = {isa = PBXBuildFile; fileRef = 843470592624780100566FB2 /* LoginRegisterEndPoint.swift */; };
		8434705D2624782400566FB2 /* API.swift in Sources */ = {isa = PBXBuildFile; fileRef = 8434705C2624782400566FB2 /* API.swift */; };
		84347060262478C100566FB2 /* EndPoint.swift in Sources */ = {isa = PBXBuildFile; fileRef = 8434705F262478C100566FB2 /* EndPoint.swift */; };
		8434706326247A6A00566FB2 /* ResponseStatus.swift in Sources */ = {isa = PBXBuildFile; fileRef = 8434706226247A6A00566FB2 /* ResponseStatus.swift */; };
		8434706626247B8500566FB2 /* CustomRefreshRetrier.swift in Sources */ = {isa = PBXBuildFile; fileRef = 8434706526247B8500566FB2 /* CustomRefreshRetrier.swift */; };
		8434706926247C5400566FB2 /* String+Ext.swift in Sources */ = {isa = PBXBuildFile; fileRef = 8434706826247C5400566FB2 /* String+Ext.swift */; };
		843B993A2628026900DA1681 /* Register1VC.swift in Sources */ = {isa = PBXBuildFile; fileRef = 843B99392628026900DA1681 /* Register1VC.swift */; };
		843B993D26281C9500DA1681 /* IntroViewController.swift in Sources */ = {isa = PBXBuildFile; fileRef = 843B993C26281C9500DA1681 /* IntroViewController.swift */; };
		843B9940262820CD00DA1681 /* CircularStd-Medium.otf in Resources */ = {isa = PBXBuildFile; fileRef = 843B993F262820CC00DA1681 /* CircularStd-Medium.otf */; };
		843F52F02652382C00B3288C /* VideoResponse.swift in Sources */ = {isa = PBXBuildFile; fileRef = 843F52EF2652382C00B3288C /* VideoResponse.swift */; };
		843F52F62652679B00B3288C /* FeedsCell.swift in Sources */ = {isa = PBXBuildFile; fileRef = 843F52F52652679B00B3288C /* FeedsCell.swift */; };
		843F53202653AA1A00B3288C /* AddVideoVC.swift in Sources */ = {isa = PBXBuildFile; fileRef = 843F531F2653AA1A00B3288C /* AddVideoVC.swift */; };
		8444ADAF2641B43800D54580 /* SetupPasswordVC.swift in Sources */ = {isa = PBXBuildFile; fileRef = 8444ADAE2641B43800D54580 /* SetupPasswordVC.swift */; };
		8444ADB22642BC3500D54580 /* SetProfilePictureVC.swift in Sources */ = {isa = PBXBuildFile; fileRef = 8444ADB12642BC3500D54580 /* SetProfilePictureVC.swift */; };
		844D4DD826417999006DF6F2 /* EmptyDataResponse.swift in Sources */ = {isa = PBXBuildFile; fileRef = 844D4DD726417999006DF6F2 /* EmptyDataResponse.swift */; };
		8453011926388CF200FD31C7 /* LoginResponse.swift in Sources */ = {isa = PBXBuildFile; fileRef = 8453011826388CF200FD31C7 /* LoginResponse.swift */; };
		8453B3902625D32A002EB22F /* Poppins-ExtraBold.ttf in Resources */ = {isa = PBXBuildFile; fileRef = 8453B37E2625D32A002EB22F /* Poppins-ExtraBold.ttf */; };
		8453B3912625D32A002EB22F /* Poppins-BoldItalic.ttf in Resources */ = {isa = PBXBuildFile; fileRef = 8453B37F2625D32A002EB22F /* Poppins-BoldItalic.ttf */; };
		8453B3922625D32A002EB22F /* Poppins-Light.ttf in Resources */ = {isa = PBXBuildFile; fileRef = 8453B3802625D32A002EB22F /* Poppins-Light.ttf */; };
		8453B3932625D32A002EB22F /* Poppins-ExtraLightItalic.ttf in Resources */ = {isa = PBXBuildFile; fileRef = 8453B3812625D32A002EB22F /* Poppins-ExtraLightItalic.ttf */; };
		8453B3942625D32A002EB22F /* Poppins-Bold.ttf in Resources */ = {isa = PBXBuildFile; fileRef = 8453B3822625D32A002EB22F /* Poppins-Bold.ttf */; };
		8453B3952625D32A002EB22F /* Poppins-ExtraLight.ttf in Resources */ = {isa = PBXBuildFile; fileRef = 8453B3832625D32A002EB22F /* Poppins-ExtraLight.ttf */; };
		8453B3962625D32A002EB22F /* Poppins-ThinItalic.ttf in Resources */ = {isa = PBXBuildFile; fileRef = 8453B3842625D32A002EB22F /* Poppins-ThinItalic.ttf */; };
		8453B3972625D32A002EB22F /* Poppins-LightItalic.ttf in Resources */ = {isa = PBXBuildFile; fileRef = 8453B3852625D32A002EB22F /* Poppins-LightItalic.ttf */; };
		8453B3982625D32A002EB22F /* Poppins-SemiBoldItalic.ttf in Resources */ = {isa = PBXBuildFile; fileRef = 8453B3862625D32A002EB22F /* Poppins-SemiBoldItalic.ttf */; };
		8453B3992625D32A002EB22F /* Poppins-ExtraBoldItalic.ttf in Resources */ = {isa = PBXBuildFile; fileRef = 8453B3872625D32A002EB22F /* Poppins-ExtraBoldItalic.ttf */; };
		8453B39A2625D32A002EB22F /* Poppins-SemiBold.ttf in Resources */ = {isa = PBXBuildFile; fileRef = 8453B3882625D32A002EB22F /* Poppins-SemiBold.ttf */; };
		8453B39B2625D32A002EB22F /* Poppins-Regular.ttf in Resources */ = {isa = PBXBuildFile; fileRef = 8453B3892625D32A002EB22F /* Poppins-Regular.ttf */; };
		8453B39C2625D32A002EB22F /* Poppins-BlackItalic.ttf in Resources */ = {isa = PBXBuildFile; fileRef = 8453B38A2625D32A002EB22F /* Poppins-BlackItalic.ttf */; };
		8453B39D2625D32A002EB22F /* Poppins-Thin.ttf in Resources */ = {isa = PBXBuildFile; fileRef = 8453B38B2625D32A002EB22F /* Poppins-Thin.ttf */; };
		8453B39E2625D32A002EB22F /* Poppins-Italic.ttf in Resources */ = {isa = PBXBuildFile; fileRef = 8453B38C2625D32A002EB22F /* Poppins-Italic.ttf */; };
		8453B39F2625D32A002EB22F /* Poppins-Medium.ttf in Resources */ = {isa = PBXBuildFile; fileRef = 8453B38D2625D32A002EB22F /* Poppins-Medium.ttf */; };
		8453B3A02625D32A002EB22F /* Poppins-Black.ttf in Resources */ = {isa = PBXBuildFile; fileRef = 8453B38E2625D32A002EB22F /* Poppins-Black.ttf */; };
		8453B3A12625D32A002EB22F /* Poppins-MediumItalic.ttf in Resources */ = {isa = PBXBuildFile; fileRef = 8453B38F2625D32A002EB22F /* Poppins-MediumItalic.ttf */; };
		8453F7B326272D2700EC9B83 /* CustomButton.swift in Sources */ = {isa = PBXBuildFile; fileRef = 8453F7B226272D2700EC9B83 /* CustomButton.swift */; };
		84595B83262D5713009605F5 /* AppleLoginManager.swift in Sources */ = {isa = PBXBuildFile; fileRef = 84595B82262D5713009605F5 /* AppleLoginManager.swift */; };
		84595B87262D5730009605F5 /* SocialLoginManager.swift in Sources */ = {isa = PBXBuildFile; fileRef = 84595B86262D5730009605F5 /* SocialLoginManager.swift */; };
		84595B8B262D5755009605F5 /* DataManager.swift in Sources */ = {isa = PBXBuildFile; fileRef = 84595B8A262D5755009605F5 /* DataManager.swift */; };
		84595B97262D5AC8009605F5 /* Localizable.strings in Resources */ = {isa = PBXBuildFile; fileRef = 84595B96262D5AC8009605F5 /* Localizable.strings */; };
		84595B9A262D5B67009605F5 /* AppleLoginManagersDelegate.swift in Sources */ = {isa = PBXBuildFile; fileRef = 84595B99262D5B67009605F5 /* AppleLoginManagersDelegate.swift */; };
		84595B9D262D61C3009605F5 /* SocialSignupResponse.swift in Sources */ = {isa = PBXBuildFile; fileRef = 84595B9C262D61C3009605F5 /* SocialSignupResponse.swift */; };
		84595BA0262D9F35009605F5 /* UserDataKeyChain.swift in Sources */ = {isa = PBXBuildFile; fileRef = 84595B9F262D9F35009605F5 /* UserDataKeyChain.swift */; };
		84595BA3262D9F58009605F5 /* KeyChain.swift in Sources */ = {isa = PBXBuildFile; fileRef = 84595BA2262D9F58009605F5 /* KeyChain.swift */; };
		84595BA6262D9FA6009605F5 /* UserData.swift in Sources */ = {isa = PBXBuildFile; fileRef = 84595BA5262D9FA6009605F5 /* UserData.swift */; };
		84595BA9262DA3D0009605F5 /* UserManager.swift in Sources */ = {isa = PBXBuildFile; fileRef = 84595BA8262DA3D0009605F5 /* UserManager.swift */; };
		84595BBA262DB125009605F5 /* Utility.swift in Sources */ = {isa = PBXBuildFile; fileRef = 84595BB9262DB125009605F5 /* Utility.swift */; };
		84595BBD262DB2DB009605F5 /* UIApplication+Ext.swift in Sources */ = {isa = PBXBuildFile; fileRef = 84595BBC262DB2DB009605F5 /* UIApplication+Ext.swift */; };
		8459E8DA26458A7F00A7DB8D /* ForgotPasswordVC.swift in Sources */ = {isa = PBXBuildFile; fileRef = 8459E8D926458A7F00A7DB8D /* ForgotPasswordVC.swift */; };
		8459E8DD2648EE0700A7DB8D /* PasswordChangeSuccessVC.swift in Sources */ = {isa = PBXBuildFile; fileRef = 8459E8DC2648EE0600A7DB8D /* PasswordChangeSuccessVC.swift */; };
		8460EA302654FEEF00DB577A /* Lato-Bold.ttf in Resources */ = {isa = PBXBuildFile; fileRef = 8460EA2F2654FEEF00DB577A /* Lato-Bold.ttf */; };
		8460EA332655001400DB577A /* WorkoutButton.swift in Sources */ = {isa = PBXBuildFile; fileRef = 8460EA322655001400DB577A /* WorkoutButton.swift */; };
		8460EA752656964C00DB577A /* FeedsViewModel.swift in Sources */ = {isa = PBXBuildFile; fileRef = 8460EA742656964C00DB577A /* FeedsViewModel.swift */; };
		8460EA792656D83C00DB577A /* MySubmissionsVC.swift in Sources */ = {isa = PBXBuildFile; fileRef = 8460EA782656D83C00DB577A /* MySubmissionsVC.swift */; };
		8460EA7C2656E72400DB577A /* MySubmissionCell.swift in Sources */ = {isa = PBXBuildFile; fileRef = 8460EA7B2656E72400DB577A /* MySubmissionCell.swift */; };
		8460EA802657881000DB577A /* FeedsResponse.swift in Sources */ = {isa = PBXBuildFile; fileRef = 8460EA7F2657881000DB577A /* FeedsResponse.swift */; };
		8460EA83265789AF00DB577A /* FeedsEndPoint.swift in Sources */ = {isa = PBXBuildFile; fileRef = 8460EA82265789AF00DB577A /* FeedsEndPoint.swift */; };
		8460EA872657E23E00DB577A /* HomeVCOld.swift in Sources */ = {isa = PBXBuildFile; fileRef = 8460EA862657E23D00DB577A /* HomeVCOld.swift */; };
		84649A242660AF1300583971 /* Date+Ext.swift in Sources */ = {isa = PBXBuildFile; fileRef = 84649A232660AF1300583971 /* Date+Ext.swift */; };
		8469BB672660E15D005BCE0C /* UIViewController+Ext.swift in Sources */ = {isa = PBXBuildFile; fileRef = 8469BB662660E15D005BCE0C /* UIViewController+Ext.swift */; };
		847D64ED264BB7F5006E8F95 /* GoalOptionView.swift in Sources */ = {isa = PBXBuildFile; fileRef = 847D64EC264BB7F5006E8F95 /* GoalOptionView.swift */; };
		847D64F0264BBE7E006E8F95 /* SelectGoalVC.swift in Sources */ = {isa = PBXBuildFile; fileRef = 847D64EF264BBE7E006E8F95 /* SelectGoalVC.swift */; };
		847D64F3264BDA32006E8F95 /* OnboardingEndVC.swift in Sources */ = {isa = PBXBuildFile; fileRef = 847D64F2264BDA32006E8F95 /* OnboardingEndVC.swift */; };
		847D64F6264BEF61006E8F95 /* OnboardingStartVC.swift in Sources */ = {isa = PBXBuildFile; fileRef = 847D64F5264BEF60006E8F95 /* OnboardingStartVC.swift */; };
		848DCFBD2626DA2B00B0E934 /* LoginViaCredentialsVC.swift in Sources */ = {isa = PBXBuildFile; fileRef = 848DCFBC2626DA2B00B0E934 /* LoginViaCredentialsVC.swift */; };
		848DCFC02626DC8600B0E934 /* CustomFloatingLabelField.swift in Sources */ = {isa = PBXBuildFile; fileRef = 848DCFBF2626DC8600B0E934 /* CustomFloatingLabelField.swift */; };
		84971163264A40E900BB09DE /* Onboarding.storyboard in Resources */ = {isa = PBXBuildFile; fileRef = 84971162264A40E900BB09DE /* Onboarding.storyboard */; };
		84971167264A415D00BB09DE /* HowOldVC.swift in Sources */ = {isa = PBXBuildFile; fileRef = 84971166264A415D00BB09DE /* HowOldVC.swift */; };
		8498092F2637BEFE00E546A3 /* GuestNewsFeed.swift in Sources */ = {isa = PBXBuildFile; fileRef = 8498092E2637BEFE00E546A3 /* GuestNewsFeed.swift */; };
		84AC57AC262EECDB00F8BD76 /* GoogleService-Info.plist in Resources */ = {isa = PBXBuildFile; fileRef = 84AC57AB262EECDB00F8BD76 /* GoogleService-Info.plist */; };
		84C6D2362625F8F600DD2CBC /* UILabel+Ext.swift in Sources */ = {isa = PBXBuildFile; fileRef = 84C6D2352625F8F600DD2CBC /* UILabel+Ext.swift */; };
		84C6D2392625F9AC00DD2CBC /* UIFont+Ext.swift in Sources */ = {isa = PBXBuildFile; fileRef = 84C6D2382625F9AC00DD2CBC /* UIFont+Ext.swift */; };
		84C6D23C2625FC1600DD2CBC /* LoginVC.swift in Sources */ = {isa = PBXBuildFile; fileRef = 84C6D23B2625FC1600DD2CBC /* LoginVC.swift */; };
		84C6D23F2625FD6000DD2CBC /* UITapGesture+Ext.swift in Sources */ = {isa = PBXBuildFile; fileRef = 84C6D23E2625FD6000DD2CBC /* UITapGesture+Ext.swift */; };
		84D436A7265B8F5700E3BD07 /* HowAgeAffectMyPlan.mp4 in Resources */ = {isa = PBXBuildFile; fileRef = 84D436A6265B8F5700E3BD07 /* HowAgeAffectMyPlan.mp4 */; };
		84E20C4F2625D4C0002DBAF5 /* Colors.xcassets in Resources */ = {isa = PBXBuildFile; fileRef = 84E20C4E2625D4C0002DBAF5 /* Colors.xcassets */; };
		84E20C562625D5D0002DBAF5 /* UIStoryboard+Ext.swift in Sources */ = {isa = PBXBuildFile; fileRef = 84E20C552625D5D0002DBAF5 /* UIStoryboard+Ext.swift */; };
		84E20C5A2625D644002DBAF5 /* SignupVC.swift in Sources */ = {isa = PBXBuildFile; fileRef = 84E20C592625D644002DBAF5 /* SignupVC.swift */; };
		84E20C5F2625D886002DBAF5 /* TopRoundCornerView.swift in Sources */ = {isa = PBXBuildFile; fileRef = 84E20C5E2625D886002DBAF5 /* TopRoundCornerView.swift */; };
		84E20C652625DA97002DBAF5 /* BaseViewController.swift in Sources */ = {isa = PBXBuildFile; fileRef = 84E20C642625DA97002DBAF5 /* BaseViewController.swift */; };
		84E20C682625DAF3002DBAF5 /* RoundCornerView.swift in Sources */ = {isa = PBXBuildFile; fileRef = 84E20C672625DAF3002DBAF5 /* RoundCornerView.swift */; };
		84E20C6B2625DDED002DBAF5 /* CustomView.swift in Sources */ = {isa = PBXBuildFile; fileRef = 84E20C6A2625DDED002DBAF5 /* CustomView.swift */; };
		84E20C702625F65A002DBAF5 /* CircularStd-Bold.otf in Resources */ = {isa = PBXBuildFile; fileRef = 84E20C6E2625F65A002DBAF5 /* CircularStd-Bold.otf */; };
		84E20C712625F65A002DBAF5 /* CircularStd-Book.otf in Resources */ = {isa = PBXBuildFile; fileRef = 84E20C6F2625F65A002DBAF5 /* CircularStd-Book.otf */; };
		84E9CAE3263A7C9700FFEE9A /* AlertView.swift in Sources */ = {isa = PBXBuildFile; fileRef = 84E9CAE2263A7C9700FFEE9A /* AlertView.swift */; };
		84E9CB78263BF52E00FFEE9A /* VerifyOtpVC.swift in Sources */ = {isa = PBXBuildFile; fileRef = 84E9CB77263BF52D00FFEE9A /* VerifyOtpVC.swift */; };
		84E9CC0F263C11D400FFEE9A /* OTPFieldView.swift in Sources */ = {isa = PBXBuildFile; fileRef = 84E9CC0D263C11D400FFEE9A /* OTPFieldView.swift */; };
		84E9CC10263C11D400FFEE9A /* OTPTextField.swift in Sources */ = {isa = PBXBuildFile; fileRef = 84E9CC0E263C11D400FFEE9A /* OTPTextField.swift */; };
		84F3364926679E860091B990 /* Helper.swift in Sources */ = {isa = PBXBuildFile; fileRef = 84F3364826679E860091B990 /* Helper.swift */; };
		84F3364C2667A6B50091B990 /* Anonymous.storyboard in Resources */ = {isa = PBXBuildFile; fileRef = 84F3364B2667A6B50091B990 /* Anonymous.storyboard */; };
		84F3364F2667A6E40091B990 /* SubscriptionVC.swift in Sources */ = {isa = PBXBuildFile; fileRef = 84F3364E2667A6E40091B990 /* SubscriptionVC.swift */; };
		84F3367B2668A7050091B990 /* ImageUtility.swift in Sources */ = {isa = PBXBuildFile; fileRef = 84F3367A2668A7050091B990 /* ImageUtility.swift */; };
		84F336C826694C950091B990 /* Challenge.storyboard in Resources */ = {isa = PBXBuildFile; fileRef = 84F336C726694C950091B990 /* Challenge.storyboard */; };
		84F336CD26694D3A0091B990 /* HowManyTimesAWeekVC.swift in Sources */ = {isa = PBXBuildFile; fileRef = 84F336CC26694D3A0091B990 /* HowManyTimesAWeekVC.swift */; };
		84F336D226694DF10091B990 /* PlannerVC.swift in Sources */ = {isa = PBXBuildFile; fileRef = 84F336D126694DF10091B990 /* PlannerVC.swift */; };
		84F336D82669510E0091B990 /* ButtonCarouselView.xib in Resources */ = {isa = PBXBuildFile; fileRef = 84F336D62669510E0091B990 /* ButtonCarouselView.xib */; };
		84F336D92669510E0091B990 /* ButtonsCarouselView.swift in Sources */ = {isa = PBXBuildFile; fileRef = 84F336D72669510E0091B990 /* ButtonsCarouselView.swift */; };
		84F336DD266952410091B990 /* RoundedButtonView.xib in Resources */ = {isa = PBXBuildFile; fileRef = 84F336DB266952410091B990 /* RoundedButtonView.xib */; };
		84F336DE266952410091B990 /* RoundedButtonView.swift in Sources */ = {isa = PBXBuildFile; fileRef = 84F336DC266952410091B990 /* RoundedButtonView.swift */; };
		84F336E1266952BE0091B990 /* ViewConstants.swift in Sources */ = {isa = PBXBuildFile; fileRef = 84F336E0266952BE0091B990 /* ViewConstants.swift */; };
		84F336E4266953110091B990 /* UIView+Ext.swift in Sources */ = {isa = PBXBuildFile; fileRef = 84F336E3266953110091B990 /* UIView+Ext.swift */; };
		84F336E72669D7990091B990 /* CarouselCell.swift in Sources */ = {isa = PBXBuildFile; fileRef = 84F336E62669D7990091B990 /* CarouselCell.swift */; };
/* End PBXBuildFile section */

/* Begin PBXFileReference section */
		7C80A2425B47D718A9E515A5 /* Pods_Sway.framework */ = {isa = PBXFileReference; explicitFileType = wrapper.framework; includeInIndex = 0; path = Pods_Sway.framework; sourceTree = BUILT_PRODUCTS_DIR; };
		8406383D264D177D008CFC46 /* Feed.storyboard */ = {isa = PBXFileReference; lastKnownFileType = file.storyboard; path = Feed.storyboard; sourceTree = "<group>"; };
		84063840264D1796008CFC46 /* Planner.storyboard */ = {isa = PBXFileReference; lastKnownFileType = file.storyboard; path = Planner.storyboard; sourceTree = "<group>"; };
		84063843264D17A2008CFC46 /* Workouts.storyboard */ = {isa = PBXFileReference; lastKnownFileType = file.storyboard; path = Workouts.storyboard; sourceTree = "<group>"; };
		84063846264D17AF008CFC46 /* Progress.storyboard */ = {isa = PBXFileReference; lastKnownFileType = file.storyboard; path = Progress.storyboard; sourceTree = "<group>"; };
		8406384B264D191F008CFC46 /* SwayTabbarVC.swift */ = {isa = PBXFileReference; lastKnownFileType = sourcecode.swift; path = SwayTabbarVC.swift; sourceTree = "<group>"; };
		8414794A2653F7C2007614BC /* AddVideoViewModel.swift */ = {isa = PBXFileReference; lastKnownFileType = sourcecode.swift; path = AddVideoViewModel.swift; sourceTree = "<group>"; };
		8414794D2653FAA1007614BC /* VideoUtility.swift */ = {isa = PBXFileReference; lastKnownFileType = sourcecode.swift; path = VideoUtility.swift; sourceTree = "<group>"; };
		84154D1C266A5695001D6DA2 /* SyncWithCalenderVC.swift */ = {isa = PBXFileReference; lastKnownFileType = sourcecode.swift; path = SyncWithCalenderVC.swift; sourceTree = "<group>"; };
		842364E72642FD5E001DA7E6 /* AWSUploadController.swift */ = {isa = PBXFileReference; fileEncoding = 4; lastKnownFileType = sourcecode.swift; path = AWSUploadController.swift; sourceTree = "<group>"; };
		842365F12643CD33001DA7E6 /* VerifyOtpResponse.swift */ = {isa = PBXFileReference; lastKnownFileType = sourcecode.swift; path = VerifyOtpResponse.swift; sourceTree = "<group>"; };
		842365F42643FF80001DA7E6 /* HomeVC.swift */ = {isa = PBXFileReference; lastKnownFileType = sourcecode.swift; path = HomeVC.swift; sourceTree = "<group>"; };
		842365F726441649001DA7E6 /* UserDefaults.swift */ = {isa = PBXFileReference; lastKnownFileType = sourcecode.swift; path = UserDefaults.swift; sourceTree = "<group>"; };
		842AE404265E7370002E9BC7 /* ViewImageVC.swift */ = {isa = PBXFileReference; lastKnownFileType = sourcecode.swift; path = ViewImageVC.swift; sourceTree = "<group>"; };
		842AE407265E7BE2002E9BC7 /* CommentsVC.swift */ = {isa = PBXFileReference; lastKnownFileType = sourcecode.swift; path = CommentsVC.swift; sourceTree = "<group>"; };
		842AE40B265E907F002E9BC7 /* PredefinedCommentsCell.swift */ = {isa = PBXFileReference; lastKnownFileType = sourcecode.swift; path = PredefinedCommentsCell.swift; sourceTree = "<group>"; };
		842AE48A265F6C66002E9BC7 /* PredefinedCommentResponse.swift */ = {isa = PBXFileReference; lastKnownFileType = sourcecode.swift; path = PredefinedCommentResponse.swift; sourceTree = "<group>"; };
		842AE48D265FDAE7002E9BC7 /* CommentsViewModel.swift */ = {isa = PBXFileReference; lastKnownFileType = sourcecode.swift; path = CommentsViewModel.swift; sourceTree = "<group>"; };
		842AE490265FDCA2002E9BC7 /* CommentsResponse.swift */ = {isa = PBXFileReference; lastKnownFileType = sourcecode.swift; path = CommentsResponse.swift; sourceTree = "<group>"; };
		842AE493265FE0F1002E9BC7 /* CommentCell.swift */ = {isa = PBXFileReference; lastKnownFileType = sourcecode.swift; path = CommentCell.swift; sourceTree = "<group>"; };
		843423FD26314B480025700B /* GoogleSignInManager.swift */ = {isa = PBXFileReference; lastKnownFileType = sourcecode.swift; path = GoogleSignInManager.swift; sourceTree = "<group>"; };
		84342402263176040025700B /* FacebookLoginManager.swift */ = {isa = PBXFileReference; lastKnownFileType = sourcecode.swift; path = FacebookLoginManager.swift; sourceTree = "<group>"; };
		8434702C262470D500566FB2 /* Sway.app */ = {isa = PBXFileReference; explicitFileType = wrapper.application; includeInIndex = 0; path = Sway.app; sourceTree = BUILT_PRODUCTS_DIR; };
		8434702F262470D500566FB2 /* AppDelegate.swift */ = {isa = PBXFileReference; lastKnownFileType = sourcecode.swift; path = AppDelegate.swift; sourceTree = "<group>"; };
		84347031262470D500566FB2 /* SceneDelegate.swift */ = {isa = PBXFileReference; lastKnownFileType = sourcecode.swift; path = SceneDelegate.swift; sourceTree = "<group>"; };
		84347033262470D500566FB2 /* ViewController.swift */ = {isa = PBXFileReference; lastKnownFileType = sourcecode.swift; path = ViewController.swift; sourceTree = "<group>"; };
		84347036262470D500566FB2 /* Base */ = {isa = PBXFileReference; lastKnownFileType = file.storyboard; name = Base; path = Base.lproj/Main.storyboard; sourceTree = "<group>"; };
		84347038262470D900566FB2 /* Assets.xcassets */ = {isa = PBXFileReference; lastKnownFileType = folder.assetcatalog; path = Assets.xcassets; sourceTree = "<group>"; };
		8434703B262470D900566FB2 /* Base */ = {isa = PBXFileReference; lastKnownFileType = file.storyboard; name = Base; path = Base.lproj/LaunchScreen.storyboard; sourceTree = "<group>"; };
		8434703D262470D900566FB2 /* Info.plist */ = {isa = PBXFileReference; lastKnownFileType = text.plist.xml; path = Info.plist; sourceTree = "<group>"; };
		8434704E262474B900566FB2 /* Constants.swift */ = {isa = PBXFileReference; lastKnownFileType = sourcecode.swift; path = Constants.swift; sourceTree = "<group>"; };
		843470592624780100566FB2 /* LoginRegisterEndPoint.swift */ = {isa = PBXFileReference; lastKnownFileType = sourcecode.swift; path = LoginRegisterEndPoint.swift; sourceTree = "<group>"; };
		8434705C2624782400566FB2 /* API.swift */ = {isa = PBXFileReference; lastKnownFileType = sourcecode.swift; path = API.swift; sourceTree = "<group>"; };
		8434705F262478C100566FB2 /* EndPoint.swift */ = {isa = PBXFileReference; lastKnownFileType = sourcecode.swift; path = EndPoint.swift; sourceTree = "<group>"; };
		8434706226247A6A00566FB2 /* ResponseStatus.swift */ = {isa = PBXFileReference; lastKnownFileType = sourcecode.swift; path = ResponseStatus.swift; sourceTree = "<group>"; };
		8434706526247B8500566FB2 /* CustomRefreshRetrier.swift */ = {isa = PBXFileReference; lastKnownFileType = sourcecode.swift; path = CustomRefreshRetrier.swift; sourceTree = "<group>"; };
		8434706826247C5400566FB2 /* String+Ext.swift */ = {isa = PBXFileReference; lastKnownFileType = sourcecode.swift; path = "String+Ext.swift"; sourceTree = "<group>"; };
		843B99392628026900DA1681 /* Register1VC.swift */ = {isa = PBXFileReference; lastKnownFileType = sourcecode.swift; path = Register1VC.swift; sourceTree = "<group>"; };
		843B993C26281C9500DA1681 /* IntroViewController.swift */ = {isa = PBXFileReference; lastKnownFileType = sourcecode.swift; path = IntroViewController.swift; sourceTree = "<group>"; };
		843B993F262820CC00DA1681 /* CircularStd-Medium.otf */ = {isa = PBXFileReference; lastKnownFileType = file; path = "CircularStd-Medium.otf"; sourceTree = "<group>"; };
		843F52EF2652382C00B3288C /* VideoResponse.swift */ = {isa = PBXFileReference; lastKnownFileType = sourcecode.swift; path = VideoResponse.swift; sourceTree = "<group>"; };
		843F52F52652679B00B3288C /* FeedsCell.swift */ = {isa = PBXFileReference; lastKnownFileType = sourcecode.swift; path = FeedsCell.swift; sourceTree = "<group>"; };
		843F531F2653AA1A00B3288C /* AddVideoVC.swift */ = {isa = PBXFileReference; lastKnownFileType = sourcecode.swift; path = AddVideoVC.swift; sourceTree = "<group>"; };
		8444ADAE2641B43800D54580 /* SetupPasswordVC.swift */ = {isa = PBXFileReference; lastKnownFileType = sourcecode.swift; path = SetupPasswordVC.swift; sourceTree = "<group>"; };
		8444ADB12642BC3500D54580 /* SetProfilePictureVC.swift */ = {isa = PBXFileReference; lastKnownFileType = sourcecode.swift; path = SetProfilePictureVC.swift; sourceTree = "<group>"; };
		844D4DD726417999006DF6F2 /* EmptyDataResponse.swift */ = {isa = PBXFileReference; lastKnownFileType = sourcecode.swift; path = EmptyDataResponse.swift; sourceTree = "<group>"; };
		8453011826388CF200FD31C7 /* LoginResponse.swift */ = {isa = PBXFileReference; lastKnownFileType = sourcecode.swift; path = LoginResponse.swift; sourceTree = "<group>"; };
		8453B37E2625D32A002EB22F /* Poppins-ExtraBold.ttf */ = {isa = PBXFileReference; lastKnownFileType = file; path = "Poppins-ExtraBold.ttf"; sourceTree = "<group>"; };
		8453B37F2625D32A002EB22F /* Poppins-BoldItalic.ttf */ = {isa = PBXFileReference; lastKnownFileType = file; path = "Poppins-BoldItalic.ttf"; sourceTree = "<group>"; };
		8453B3802625D32A002EB22F /* Poppins-Light.ttf */ = {isa = PBXFileReference; lastKnownFileType = file; path = "Poppins-Light.ttf"; sourceTree = "<group>"; };
		8453B3812625D32A002EB22F /* Poppins-ExtraLightItalic.ttf */ = {isa = PBXFileReference; lastKnownFileType = file; path = "Poppins-ExtraLightItalic.ttf"; sourceTree = "<group>"; };
		8453B3822625D32A002EB22F /* Poppins-Bold.ttf */ = {isa = PBXFileReference; lastKnownFileType = file; path = "Poppins-Bold.ttf"; sourceTree = "<group>"; };
		8453B3832625D32A002EB22F /* Poppins-ExtraLight.ttf */ = {isa = PBXFileReference; lastKnownFileType = file; path = "Poppins-ExtraLight.ttf"; sourceTree = "<group>"; };
		8453B3842625D32A002EB22F /* Poppins-ThinItalic.ttf */ = {isa = PBXFileReference; lastKnownFileType = file; path = "Poppins-ThinItalic.ttf"; sourceTree = "<group>"; };
		8453B3852625D32A002EB22F /* Poppins-LightItalic.ttf */ = {isa = PBXFileReference; lastKnownFileType = file; path = "Poppins-LightItalic.ttf"; sourceTree = "<group>"; };
		8453B3862625D32A002EB22F /* Poppins-SemiBoldItalic.ttf */ = {isa = PBXFileReference; lastKnownFileType = file; path = "Poppins-SemiBoldItalic.ttf"; sourceTree = "<group>"; };
		8453B3872625D32A002EB22F /* Poppins-ExtraBoldItalic.ttf */ = {isa = PBXFileReference; lastKnownFileType = file; path = "Poppins-ExtraBoldItalic.ttf"; sourceTree = "<group>"; };
		8453B3882625D32A002EB22F /* Poppins-SemiBold.ttf */ = {isa = PBXFileReference; lastKnownFileType = file; path = "Poppins-SemiBold.ttf"; sourceTree = "<group>"; };
		8453B3892625D32A002EB22F /* Poppins-Regular.ttf */ = {isa = PBXFileReference; lastKnownFileType = file; path = "Poppins-Regular.ttf"; sourceTree = "<group>"; };
		8453B38A2625D32A002EB22F /* Poppins-BlackItalic.ttf */ = {isa = PBXFileReference; lastKnownFileType = file; path = "Poppins-BlackItalic.ttf"; sourceTree = "<group>"; };
		8453B38B2625D32A002EB22F /* Poppins-Thin.ttf */ = {isa = PBXFileReference; lastKnownFileType = file; path = "Poppins-Thin.ttf"; sourceTree = "<group>"; };
		8453B38C2625D32A002EB22F /* Poppins-Italic.ttf */ = {isa = PBXFileReference; lastKnownFileType = file; path = "Poppins-Italic.ttf"; sourceTree = "<group>"; };
		8453B38D2625D32A002EB22F /* Poppins-Medium.ttf */ = {isa = PBXFileReference; lastKnownFileType = file; path = "Poppins-Medium.ttf"; sourceTree = "<group>"; };
		8453B38E2625D32A002EB22F /* Poppins-Black.ttf */ = {isa = PBXFileReference; lastKnownFileType = file; path = "Poppins-Black.ttf"; sourceTree = "<group>"; };
		8453B38F2625D32A002EB22F /* Poppins-MediumItalic.ttf */ = {isa = PBXFileReference; lastKnownFileType = file; path = "Poppins-MediumItalic.ttf"; sourceTree = "<group>"; };
		8453F7B226272D2700EC9B83 /* CustomButton.swift */ = {isa = PBXFileReference; lastKnownFileType = sourcecode.swift; path = CustomButton.swift; sourceTree = "<group>"; };
		84595B82262D5713009605F5 /* AppleLoginManager.swift */ = {isa = PBXFileReference; lastKnownFileType = sourcecode.swift; path = AppleLoginManager.swift; sourceTree = "<group>"; };
		84595B86262D5730009605F5 /* SocialLoginManager.swift */ = {isa = PBXFileReference; lastKnownFileType = sourcecode.swift; path = SocialLoginManager.swift; sourceTree = "<group>"; };
		84595B8A262D5755009605F5 /* DataManager.swift */ = {isa = PBXFileReference; lastKnownFileType = sourcecode.swift; path = DataManager.swift; sourceTree = "<group>"; };
		84595B96262D5AC8009605F5 /* Localizable.strings */ = {isa = PBXFileReference; lastKnownFileType = text.plist.strings; path = Localizable.strings; sourceTree = "<group>"; };
		84595B99262D5B67009605F5 /* AppleLoginManagersDelegate.swift */ = {isa = PBXFileReference; lastKnownFileType = sourcecode.swift; path = AppleLoginManagersDelegate.swift; sourceTree = "<group>"; };
		84595B9C262D61C3009605F5 /* SocialSignupResponse.swift */ = {isa = PBXFileReference; lastKnownFileType = sourcecode.swift; path = SocialSignupResponse.swift; sourceTree = "<group>"; };
		84595B9F262D9F35009605F5 /* UserDataKeyChain.swift */ = {isa = PBXFileReference; lastKnownFileType = sourcecode.swift; path = UserDataKeyChain.swift; sourceTree = "<group>"; };
		84595BA2262D9F58009605F5 /* KeyChain.swift */ = {isa = PBXFileReference; lastKnownFileType = sourcecode.swift; path = KeyChain.swift; sourceTree = "<group>"; };
		84595BA5262D9FA6009605F5 /* UserData.swift */ = {isa = PBXFileReference; lastKnownFileType = sourcecode.swift; path = UserData.swift; sourceTree = "<group>"; };
		84595BA8262DA3D0009605F5 /* UserManager.swift */ = {isa = PBXFileReference; lastKnownFileType = sourcecode.swift; path = UserManager.swift; sourceTree = "<group>"; };
		84595BB7262DB030009605F5 /* Sway.entitlements */ = {isa = PBXFileReference; lastKnownFileType = text.plist.entitlements; path = Sway.entitlements; sourceTree = "<group>"; };
		84595BB9262DB125009605F5 /* Utility.swift */ = {isa = PBXFileReference; lastKnownFileType = sourcecode.swift; path = Utility.swift; sourceTree = "<group>"; };
		84595BBC262DB2DB009605F5 /* UIApplication+Ext.swift */ = {isa = PBXFileReference; lastKnownFileType = sourcecode.swift; path = "UIApplication+Ext.swift"; sourceTree = "<group>"; };
		8459E8D926458A7F00A7DB8D /* ForgotPasswordVC.swift */ = {isa = PBXFileReference; lastKnownFileType = sourcecode.swift; path = ForgotPasswordVC.swift; sourceTree = "<group>"; };
		8459E8DC2648EE0600A7DB8D /* PasswordChangeSuccessVC.swift */ = {isa = PBXFileReference; lastKnownFileType = sourcecode.swift; path = PasswordChangeSuccessVC.swift; sourceTree = "<group>"; };
		8460EA2F2654FEEF00DB577A /* Lato-Bold.ttf */ = {isa = PBXFileReference; lastKnownFileType = file; path = "Lato-Bold.ttf"; sourceTree = "<group>"; };
		8460EA322655001400DB577A /* WorkoutButton.swift */ = {isa = PBXFileReference; lastKnownFileType = sourcecode.swift; path = WorkoutButton.swift; sourceTree = "<group>"; };
		8460EA742656964C00DB577A /* FeedsViewModel.swift */ = {isa = PBXFileReference; lastKnownFileType = sourcecode.swift; path = FeedsViewModel.swift; sourceTree = "<group>"; };
		8460EA782656D83C00DB577A /* MySubmissionsVC.swift */ = {isa = PBXFileReference; lastKnownFileType = sourcecode.swift; path = MySubmissionsVC.swift; sourceTree = "<group>"; };
		8460EA7B2656E72400DB577A /* MySubmissionCell.swift */ = {isa = PBXFileReference; lastKnownFileType = sourcecode.swift; path = MySubmissionCell.swift; sourceTree = "<group>"; };
		8460EA7F2657881000DB577A /* FeedsResponse.swift */ = {isa = PBXFileReference; lastKnownFileType = sourcecode.swift; path = FeedsResponse.swift; sourceTree = "<group>"; };
		8460EA82265789AF00DB577A /* FeedsEndPoint.swift */ = {isa = PBXFileReference; lastKnownFileType = sourcecode.swift; path = FeedsEndPoint.swift; sourceTree = "<group>"; };
		8460EA862657E23D00DB577A /* HomeVCOld.swift */ = {isa = PBXFileReference; lastKnownFileType = sourcecode.swift; path = HomeVCOld.swift; sourceTree = "<group>"; };
		84649A232660AF1300583971 /* Date+Ext.swift */ = {isa = PBXFileReference; lastKnownFileType = sourcecode.swift; path = "Date+Ext.swift"; sourceTree = "<group>"; };
		8469BB662660E15D005BCE0C /* UIViewController+Ext.swift */ = {isa = PBXFileReference; lastKnownFileType = sourcecode.swift; path = "UIViewController+Ext.swift"; sourceTree = "<group>"; };
		847D64EC264BB7F5006E8F95 /* GoalOptionView.swift */ = {isa = PBXFileReference; lastKnownFileType = sourcecode.swift; path = GoalOptionView.swift; sourceTree = "<group>"; };
		847D64EF264BBE7E006E8F95 /* SelectGoalVC.swift */ = {isa = PBXFileReference; lastKnownFileType = sourcecode.swift; path = SelectGoalVC.swift; sourceTree = "<group>"; };
		847D64F2264BDA32006E8F95 /* OnboardingEndVC.swift */ = {isa = PBXFileReference; lastKnownFileType = sourcecode.swift; path = OnboardingEndVC.swift; sourceTree = "<group>"; };
		847D64F5264BEF60006E8F95 /* OnboardingStartVC.swift */ = {isa = PBXFileReference; lastKnownFileType = sourcecode.swift; path = OnboardingStartVC.swift; sourceTree = "<group>"; };
		848DCFBC2626DA2B00B0E934 /* LoginViaCredentialsVC.swift */ = {isa = PBXFileReference; lastKnownFileType = sourcecode.swift; path = LoginViaCredentialsVC.swift; sourceTree = "<group>"; };
		848DCFBF2626DC8600B0E934 /* CustomFloatingLabelField.swift */ = {isa = PBXFileReference; lastKnownFileType = sourcecode.swift; path = CustomFloatingLabelField.swift; sourceTree = "<group>"; };
		84971162264A40E900BB09DE /* Onboarding.storyboard */ = {isa = PBXFileReference; lastKnownFileType = file.storyboard; path = Onboarding.storyboard; sourceTree = "<group>"; };
		84971166264A415D00BB09DE /* HowOldVC.swift */ = {isa = PBXFileReference; lastKnownFileType = sourcecode.swift; path = HowOldVC.swift; sourceTree = "<group>"; };
		8498092E2637BEFE00E546A3 /* GuestNewsFeed.swift */ = {isa = PBXFileReference; lastKnownFileType = sourcecode.swift; path = GuestNewsFeed.swift; sourceTree = "<group>"; };
		84AC57AB262EECDB00F8BD76 /* GoogleService-Info.plist */ = {isa = PBXFileReference; fileEncoding = 4; lastKnownFileType = text.plist.xml; path = "GoogleService-Info.plist"; sourceTree = "<group>"; };
		84C6D2352625F8F600DD2CBC /* UILabel+Ext.swift */ = {isa = PBXFileReference; lastKnownFileType = sourcecode.swift; path = "UILabel+Ext.swift"; sourceTree = "<group>"; };
		84C6D2382625F9AC00DD2CBC /* UIFont+Ext.swift */ = {isa = PBXFileReference; lastKnownFileType = sourcecode.swift; path = "UIFont+Ext.swift"; sourceTree = "<group>"; };
		84C6D23B2625FC1600DD2CBC /* LoginVC.swift */ = {isa = PBXFileReference; lastKnownFileType = sourcecode.swift; path = LoginVC.swift; sourceTree = "<group>"; };
		84C6D23E2625FD6000DD2CBC /* UITapGesture+Ext.swift */ = {isa = PBXFileReference; lastKnownFileType = sourcecode.swift; path = "UITapGesture+Ext.swift"; sourceTree = "<group>"; };
		84D436A6265B8F5700E3BD07 /* HowAgeAffectMyPlan.mp4 */ = {isa = PBXFileReference; lastKnownFileType = file; path = HowAgeAffectMyPlan.mp4; sourceTree = "<group>"; };
		84E20C4E2625D4C0002DBAF5 /* Colors.xcassets */ = {isa = PBXFileReference; lastKnownFileType = folder.assetcatalog; path = Colors.xcassets; sourceTree = "<group>"; };
		84E20C552625D5D0002DBAF5 /* UIStoryboard+Ext.swift */ = {isa = PBXFileReference; lastKnownFileType = sourcecode.swift; path = "UIStoryboard+Ext.swift"; sourceTree = "<group>"; };
		84E20C592625D644002DBAF5 /* SignupVC.swift */ = {isa = PBXFileReference; lastKnownFileType = sourcecode.swift; path = SignupVC.swift; sourceTree = "<group>"; };
		84E20C5E2625D886002DBAF5 /* TopRoundCornerView.swift */ = {isa = PBXFileReference; lastKnownFileType = sourcecode.swift; path = TopRoundCornerView.swift; sourceTree = "<group>"; };
		84E20C642625DA97002DBAF5 /* BaseViewController.swift */ = {isa = PBXFileReference; lastKnownFileType = sourcecode.swift; path = BaseViewController.swift; sourceTree = "<group>"; };
		84E20C672625DAF3002DBAF5 /* RoundCornerView.swift */ = {isa = PBXFileReference; lastKnownFileType = sourcecode.swift; path = RoundCornerView.swift; sourceTree = "<group>"; };
		84E20C6A2625DDED002DBAF5 /* CustomView.swift */ = {isa = PBXFileReference; lastKnownFileType = sourcecode.swift; path = CustomView.swift; sourceTree = "<group>"; };
		84E20C6E2625F65A002DBAF5 /* CircularStd-Bold.otf */ = {isa = PBXFileReference; lastKnownFileType = file; path = "CircularStd-Bold.otf"; sourceTree = "<group>"; };
		84E20C6F2625F65A002DBAF5 /* CircularStd-Book.otf */ = {isa = PBXFileReference; lastKnownFileType = file; path = "CircularStd-Book.otf"; sourceTree = "<group>"; };
		84E9CAE2263A7C9700FFEE9A /* AlertView.swift */ = {isa = PBXFileReference; lastKnownFileType = sourcecode.swift; path = AlertView.swift; sourceTree = "<group>"; };
		84E9CB77263BF52D00FFEE9A /* VerifyOtpVC.swift */ = {isa = PBXFileReference; lastKnownFileType = sourcecode.swift; path = VerifyOtpVC.swift; sourceTree = "<group>"; };
		84E9CC0D263C11D400FFEE9A /* OTPFieldView.swift */ = {isa = PBXFileReference; fileEncoding = 4; lastKnownFileType = sourcecode.swift; path = OTPFieldView.swift; sourceTree = "<group>"; };
		84E9CC0E263C11D400FFEE9A /* OTPTextField.swift */ = {isa = PBXFileReference; fileEncoding = 4; lastKnownFileType = sourcecode.swift; path = OTPTextField.swift; sourceTree = "<group>"; };
		84F3364826679E860091B990 /* Helper.swift */ = {isa = PBXFileReference; lastKnownFileType = sourcecode.swift; path = Helper.swift; sourceTree = "<group>"; };
		84F3364B2667A6B50091B990 /* Anonymous.storyboard */ = {isa = PBXFileReference; lastKnownFileType = file.storyboard; path = Anonymous.storyboard; sourceTree = "<group>"; };
		84F3364E2667A6E40091B990 /* SubscriptionVC.swift */ = {isa = PBXFileReference; lastKnownFileType = sourcecode.swift; path = SubscriptionVC.swift; sourceTree = "<group>"; };
		84F3367A2668A7050091B990 /* ImageUtility.swift */ = {isa = PBXFileReference; lastKnownFileType = sourcecode.swift; path = ImageUtility.swift; sourceTree = "<group>"; };
		84F336C726694C950091B990 /* Challenge.storyboard */ = {isa = PBXFileReference; lastKnownFileType = file.storyboard; path = Challenge.storyboard; sourceTree = "<group>"; };
		84F336CC26694D3A0091B990 /* HowManyTimesAWeekVC.swift */ = {isa = PBXFileReference; lastKnownFileType = sourcecode.swift; path = HowManyTimesAWeekVC.swift; sourceTree = "<group>"; };
		84F336D126694DF10091B990 /* PlannerVC.swift */ = {isa = PBXFileReference; lastKnownFileType = sourcecode.swift; path = PlannerVC.swift; sourceTree = "<group>"; };
		84F336D62669510E0091B990 /* ButtonCarouselView.xib */ = {isa = PBXFileReference; fileEncoding = 4; lastKnownFileType = file.xib; path = ButtonCarouselView.xib; sourceTree = "<group>"; };
		84F336D72669510E0091B990 /* ButtonsCarouselView.swift */ = {isa = PBXFileReference; fileEncoding = 4; lastKnownFileType = sourcecode.swift; path = ButtonsCarouselView.swift; sourceTree = "<group>"; };
		84F336DB266952410091B990 /* RoundedButtonView.xib */ = {isa = PBXFileReference; fileEncoding = 4; lastKnownFileType = file.xib; path = RoundedButtonView.xib; sourceTree = "<group>"; };
		84F336DC266952410091B990 /* RoundedButtonView.swift */ = {isa = PBXFileReference; fileEncoding = 4; lastKnownFileType = sourcecode.swift; path = RoundedButtonView.swift; sourceTree = "<group>"; };
		84F336E0266952BE0091B990 /* ViewConstants.swift */ = {isa = PBXFileReference; lastKnownFileType = sourcecode.swift; path = ViewConstants.swift; sourceTree = "<group>"; };
		84F336E3266953110091B990 /* UIView+Ext.swift */ = {isa = PBXFileReference; lastKnownFileType = sourcecode.swift; path = "UIView+Ext.swift"; sourceTree = "<group>"; };
		84F336E62669D7990091B990 /* CarouselCell.swift */ = {isa = PBXFileReference; lastKnownFileType = sourcecode.swift; path = CarouselCell.swift; sourceTree = "<group>"; };
		8DEECC3064A268C35B7B4764 /* Pods-Sway.release.xcconfig */ = {isa = PBXFileReference; includeInIndex = 1; lastKnownFileType = text.xcconfig; name = "Pods-Sway.release.xcconfig"; path = "Target Support Files/Pods-Sway/Pods-Sway.release.xcconfig"; sourceTree = "<group>"; };
		C42456E3907844C9B1664FEC /* Pods-Sway.debug.xcconfig */ = {isa = PBXFileReference; includeInIndex = 1; lastKnownFileType = text.xcconfig; name = "Pods-Sway.debug.xcconfig"; path = "Target Support Files/Pods-Sway/Pods-Sway.debug.xcconfig"; sourceTree = "<group>"; };
/* End PBXFileReference section */

/* Begin PBXFrameworksBuildPhase section */
		84347029262470D500566FB2 /* Frameworks */ = {
			isa = PBXFrameworksBuildPhase;
			buildActionMask = 2147483647;
			files = (
				3EB2C82B1704CE8607E3479A /* Pods_Sway.framework in Frameworks */,
			);
			runOnlyForDeploymentPostprocessing = 0;
		};
/* End PBXFrameworksBuildPhase section */

/* Begin PBXGroup section */
		638E7C678FF549A2FFBBB84E /* Pods */ = {
			isa = PBXGroup;
			children = (
				C42456E3907844C9B1664FEC /* Pods-Sway.debug.xcconfig */,
				8DEECC3064A268C35B7B4764 /* Pods-Sway.release.xcconfig */,
			);
			path = Pods;
			sourceTree = "<group>";
		};
		6CBA470762A454BA5422C016 /* Frameworks */ = {
			isa = PBXGroup;
			children = (
				7C80A2425B47D718A9E515A5 /* Pods_Sway.framework */,
			);
			name = Frameworks;
			sourceTree = "<group>";
		};
		84063849264D18EA008CFC46 /* TabBar */ = {
			isa = PBXGroup;
			children = (
				843F52F2265266D800B3288C /* Home */,
				8406384B264D191F008CFC46 /* SwayTabbarVC.swift */,
			);
			path = TabBar;
			sourceTree = "<group>";
		};
		842AE40A265E9056002E9BC7 /* UICollectionViewCells */ = {
			isa = PBXGroup;
			children = (
				842AE40B265E907F002E9BC7 /* PredefinedCommentsCell.swift */,
				84F336E62669D7990091B990 /* CarouselCell.swift */,
			);
			path = UICollectionViewCells;
			sourceTree = "<group>";
		};
		84342434263192BA0025700B /* Common */ = {
			isa = PBXGroup;
			children = (
				8434704E262474B900566FB2 /* Constants.swift */,
			);
			path = Common;
			sourceTree = "<group>";
		};
		84347023262470D500566FB2 = {
			isa = PBXGroup;
			children = (
				8434702E262470D500566FB2 /* Sway */,
				8434702D262470D500566FB2 /* Products */,
				638E7C678FF549A2FFBBB84E /* Pods */,
				6CBA470762A454BA5422C016 /* Frameworks */,
			);
			sourceTree = "<group>";
		};
		8434702D262470D500566FB2 /* Products */ = {
			isa = PBXGroup;
			children = (
				8434702C262470D500566FB2 /* Sway.app */,
			);
			name = Products;
			sourceTree = "<group>";
		};
		8434702E262470D500566FB2 /* Sway */ = {
			isa = PBXGroup;
			children = (
				84342434263192BA0025700B /* Common */,
				84AC57AB262EECDB00F8BD76 /* GoogleService-Info.plist */,
				84595BB7262DB030009605F5 /* Sway.entitlements */,
				84595B8E262D57D5009605F5 /* ThirdParty */,
				84595B89262D5746009605F5 /* Database */,
				84347054262474E900566FB2 /* Network */,
				84347052262474CA00566FB2 /* Resources */,
				843470492624745300566FB2 /* AppLevelClasses */,
				843470462624742D00566FB2 /* UI */,
				84347045262473BA00566FB2 /* ViewModel */,
				843470442624738900566FB2 /* Model */,
				8434703D262470D900566FB2 /* Info.plist */,
			);
			path = Sway;
			sourceTree = "<group>";
		};
		843470442624738900566FB2 /* Model */ = {
			isa = PBXGroup;
			children = (
				8460EA7E2657880700DB577A /* Feeds */,
				84595B9C262D61C3009605F5 /* SocialSignupResponse.swift */,
				84595BA5262D9FA6009605F5 /* UserData.swift */,
				8453011826388CF200FD31C7 /* LoginResponse.swift */,
				844D4DD726417999006DF6F2 /* EmptyDataResponse.swift */,
				842365F12643CD33001DA7E6 /* VerifyOtpResponse.swift */,
				843F52EF2652382C00B3288C /* VideoResponse.swift */,
				842AE48A265F6C66002E9BC7 /* PredefinedCommentResponse.swift */,
				842AE490265FDCA2002E9BC7 /* CommentsResponse.swift */,
			);
			path = Model;
			sourceTree = "<group>";
		};
		84347045262473BA00566FB2 /* ViewModel */ = {
			isa = PBXGroup;
			children = (
				8460EA732656962D00DB577A /* ViewModels */,
				84595B81262D56FE009605F5 /* LoginManagers */,
				8434704A2624747B00566FB2 /* ViewControllers */,
				84595B99262D5B67009605F5 /* AppleLoginManagersDelegate.swift */,
			);
			path = ViewModel;
			sourceTree = "<group>";
		};
		843470462624742D00566FB2 /* UI */ = {
			isa = PBXGroup;
			children = (
				843470482624744400566FB2 /* Views */,
				843470472624743500566FB2 /* StoryBoards */,
			);
			path = UI;
			sourceTree = "<group>";
		};
		843470472624743500566FB2 /* StoryBoards */ = {
			isa = PBXGroup;
			children = (
				84347035262470D500566FB2 /* Main.storyboard */,
				8434703A262470D900566FB2 /* LaunchScreen.storyboard */,
				84971162264A40E900BB09DE /* Onboarding.storyboard */,
				8406383D264D177D008CFC46 /* Feed.storyboard */,
				84063840264D1796008CFC46 /* Planner.storyboard */,
				84063843264D17A2008CFC46 /* Workouts.storyboard */,
				84063846264D17AF008CFC46 /* Progress.storyboard */,
				84F3364B2667A6B50091B990 /* Anonymous.storyboard */,
				84F336C726694C950091B990 /* Challenge.storyboard */,
			);
			path = StoryBoards;
			sourceTree = "<group>";
		};
		843470482624744400566FB2 /* Views */ = {
			isa = PBXGroup;
			children = (
				84F336D5266950D50091B990 /* CarouselView */,
				842AE40A265E9056002E9BC7 /* UICollectionViewCells */,
				843F52F42652677400B3288C /* UITableViewCells */,
				847D64EC264BB7F5006E8F95 /* GoalOptionView.swift */,
				8460EA322655001400DB577A /* WorkoutButton.swift */,
			);
			path = Views;
			sourceTree = "<group>";
		};
		843470492624745300566FB2 /* AppLevelClasses */ = {
			isa = PBXGroup;
			children = (
				84E20C5D2625D86C002DBAF5 /* BaseClasses */,
				8434704D262474A000566FB2 /* Extensions */,
				8434704C2624749900566FB2 /* Utility */,
				8434702F262470D500566FB2 /* AppDelegate.swift */,
				84347031262470D500566FB2 /* SceneDelegate.swift */,
			);
			path = AppLevelClasses;
			sourceTree = "<group>";
		};
		8434704A2624747B00566FB2 /* ViewControllers */ = {
			isa = PBXGroup;
			children = (
				84F336D026694DDF0091B990 /* Planner */,
				84F336CA26694CDF0091B990 /* Challange */,
				84063849264D18EA008CFC46 /* TabBar */,
				84971165264A413A00BB09DE /* OnBoarding1 */,
				84E20C582625D634002DBAF5 /* OnBoarding */,
				84347033262470D500566FB2 /* ViewController.swift */,
				84F3364E2667A6E40091B990 /* SubscriptionVC.swift */,
			);
			path = ViewControllers;
			sourceTree = "<group>";
		};
		8434704C2624749900566FB2 /* Utility */ = {
			isa = PBXGroup;
			children = (
				84595BB9262DB125009605F5 /* Utility.swift */,
				84E9CAE2263A7C9700FFEE9A /* AlertView.swift */,
				8414794D2653FAA1007614BC /* VideoUtility.swift */,
				84F3364826679E860091B990 /* Helper.swift */,
				84F3367A2668A7050091B990 /* ImageUtility.swift */,
			);
			path = Utility;
			sourceTree = "<group>";
		};
		8434704D262474A000566FB2 /* Extensions */ = {
			isa = PBXGroup;
			children = (
				8434706826247C5400566FB2 /* String+Ext.swift */,
				84E20C552625D5D0002DBAF5 /* UIStoryboard+Ext.swift */,
				84C6D2352625F8F600DD2CBC /* UILabel+Ext.swift */,
				84C6D2382625F9AC00DD2CBC /* UIFont+Ext.swift */,
				84595BBC262DB2DB009605F5 /* UIApplication+Ext.swift */,
				84C6D23E2625FD6000DD2CBC /* UITapGesture+Ext.swift */,
				84649A232660AF1300583971 /* Date+Ext.swift */,
				8469BB662660E15D005BCE0C /* UIViewController+Ext.swift */,
				84F336E3266953110091B990 /* UIView+Ext.swift */,
			);
			path = Extensions;
			sourceTree = "<group>";
		};
		84347052262474CA00566FB2 /* Resources */ = {
			isa = PBXGroup;
			children = (
				84D436A6265B8F5700E3BD07 /* HowAgeAffectMyPlan.mp4 */,
				8453B37C2625D311002EB22F /* Fonts */,
				84347038262470D900566FB2 /* Assets.xcassets */,
				84E20C4E2625D4C0002DBAF5 /* Colors.xcassets */,
				84595B96262D5AC8009605F5 /* Localizable.strings */,
			);
			path = Resources;
			sourceTree = "<group>";
		};
		84347054262474E900566FB2 /* Network */ = {
			isa = PBXGroup;
			children = (
				843470592624780100566FB2 /* LoginRegisterEndPoint.swift */,
				8434705C2624782400566FB2 /* API.swift */,
				8434705F262478C100566FB2 /* EndPoint.swift */,
				8434706226247A6A00566FB2 /* ResponseStatus.swift */,
				8434706526247B8500566FB2 /* CustomRefreshRetrier.swift */,
				8460EA82265789AF00DB577A /* FeedsEndPoint.swift */,
			);
			path = Network;
			sourceTree = "<group>";
		};
		843F52F2265266D800B3288C /* Home */ = {
			isa = PBXGroup;
			children = (
				842365F42643FF80001DA7E6 /* HomeVC.swift */,
				843F531F2653AA1A00B3288C /* AddVideoVC.swift */,
				8460EA782656D83C00DB577A /* MySubmissionsVC.swift */,
				8460EA862657E23D00DB577A /* HomeVCOld.swift */,
				842AE404265E7370002E9BC7 /* ViewImageVC.swift */,
				842AE407265E7BE2002E9BC7 /* CommentsVC.swift */,
			);
			path = Home;
			sourceTree = "<group>";
		};
		843F52F42652677400B3288C /* UITableViewCells */ = {
			isa = PBXGroup;
			children = (
				843F52F52652679B00B3288C /* FeedsCell.swift */,
				8460EA7B2656E72400DB577A /* MySubmissionCell.swift */,
				842AE493265FE0F1002E9BC7 /* CommentCell.swift */,
			);
			path = UITableViewCells;
			sourceTree = "<group>";
		};
		8453B37C2625D311002EB22F /* Fonts */ = {
			isa = PBXGroup;
			children = (
				8460EA2E2654FEDD00DB577A /* Lato */,
				84E20C6D2625F645002DBAF5 /* CircularStd */,
				8453B37D2625D317002EB22F /* Poppins */,
			);
			path = Fonts;
			sourceTree = "<group>";
		};
		8453B37D2625D317002EB22F /* Poppins */ = {
			isa = PBXGroup;
			children = (
				8453B38E2625D32A002EB22F /* Poppins-Black.ttf */,
				8453B38A2625D32A002EB22F /* Poppins-BlackItalic.ttf */,
				8453B3822625D32A002EB22F /* Poppins-Bold.ttf */,
				8453B37F2625D32A002EB22F /* Poppins-BoldItalic.ttf */,
				8453B37E2625D32A002EB22F /* Poppins-ExtraBold.ttf */,
				8453B3872625D32A002EB22F /* Poppins-ExtraBoldItalic.ttf */,
				8453B3832625D32A002EB22F /* Poppins-ExtraLight.ttf */,
				8453B3812625D32A002EB22F /* Poppins-ExtraLightItalic.ttf */,
				8453B38C2625D32A002EB22F /* Poppins-Italic.ttf */,
				8453B3802625D32A002EB22F /* Poppins-Light.ttf */,
				8453B3852625D32A002EB22F /* Poppins-LightItalic.ttf */,
				8453B38D2625D32A002EB22F /* Poppins-Medium.ttf */,
				8453B38F2625D32A002EB22F /* Poppins-MediumItalic.ttf */,
				8453B3892625D32A002EB22F /* Poppins-Regular.ttf */,
				8453B3882625D32A002EB22F /* Poppins-SemiBold.ttf */,
				8453B3862625D32A002EB22F /* Poppins-SemiBoldItalic.ttf */,
				8453B38B2625D32A002EB22F /* Poppins-Thin.ttf */,
				8453B3842625D32A002EB22F /* Poppins-ThinItalic.ttf */,
			);
			path = Poppins;
			sourceTree = "<group>";
		};
		84595B81262D56FE009605F5 /* LoginManagers */ = {
			isa = PBXGroup;
			children = (
				84595B82262D5713009605F5 /* AppleLoginManager.swift */,
				84595B86262D5730009605F5 /* SocialLoginManager.swift */,
				843423FD26314B480025700B /* GoogleSignInManager.swift */,
				84342402263176040025700B /* FacebookLoginManager.swift */,
			);
			path = LoginManagers;
			sourceTree = "<group>";
		};
		84595B89262D5746009605F5 /* Database */ = {
			isa = PBXGroup;
			children = (
				84595B8A262D5755009605F5 /* DataManager.swift */,
				84595B9F262D9F35009605F5 /* UserDataKeyChain.swift */,
				84595BA2262D9F58009605F5 /* KeyChain.swift */,
				84595BA8262DA3D0009605F5 /* UserManager.swift */,
				842365F726441649001DA7E6 /* UserDefaults.swift */,
			);
			path = Database;
			sourceTree = "<group>";
		};
		84595B8E262D57D5009605F5 /* ThirdParty */ = {
			isa = PBXGroup;
			children = (
				842364E72642FD5E001DA7E6 /* AWSUploadController.swift */,
				84E9CC0C263C11AB00FFEE9A /* OtpFieldView */,
			);
			path = ThirdParty;
			sourceTree = "<group>";
		};
		8460EA2E2654FEDD00DB577A /* Lato */ = {
			isa = PBXGroup;
			children = (
				8460EA2F2654FEEF00DB577A /* Lato-Bold.ttf */,
			);
			path = Lato;
			sourceTree = "<group>";
		};
		8460EA732656962D00DB577A /* ViewModels */ = {
			isa = PBXGroup;
			children = (
				8414794A2653F7C2007614BC /* AddVideoViewModel.swift */,
				8460EA742656964C00DB577A /* FeedsViewModel.swift */,
				842AE48D265FDAE7002E9BC7 /* CommentsViewModel.swift */,
			);
			path = ViewModels;
			sourceTree = "<group>";
		};
		8460EA7E2657880700DB577A /* Feeds */ = {
			isa = PBXGroup;
			children = (
				8460EA7F2657881000DB577A /* FeedsResponse.swift */,
			);
			path = Feeds;
			sourceTree = "<group>";
		};
		84971165264A413A00BB09DE /* OnBoarding1 */ = {
			isa = PBXGroup;
			children = (
				84971166264A415D00BB09DE /* HowOldVC.swift */,
				847D64EF264BBE7E006E8F95 /* SelectGoalVC.swift */,
				847D64F2264BDA32006E8F95 /* OnboardingEndVC.swift */,
				847D64F5264BEF60006E8F95 /* OnboardingStartVC.swift */,
			);
			path = OnBoarding1;
			sourceTree = "<group>";
		};
		84E20C582625D634002DBAF5 /* OnBoarding */ = {
			isa = PBXGroup;
			children = (
				84E20C592625D644002DBAF5 /* SignupVC.swift */,
				84C6D23B2625FC1600DD2CBC /* LoginVC.swift */,
				848DCFBC2626DA2B00B0E934 /* LoginViaCredentialsVC.swift */,
				843B99392628026900DA1681 /* Register1VC.swift */,
				843B993C26281C9500DA1681 /* IntroViewController.swift */,
				8498092E2637BEFE00E546A3 /* GuestNewsFeed.swift */,
				84E9CB77263BF52D00FFEE9A /* VerifyOtpVC.swift */,
				8444ADAE2641B43800D54580 /* SetupPasswordVC.swift */,
				8444ADB12642BC3500D54580 /* SetProfilePictureVC.swift */,
				8459E8D926458A7F00A7DB8D /* ForgotPasswordVC.swift */,
				8459E8DC2648EE0600A7DB8D /* PasswordChangeSuccessVC.swift */,
			);
			path = OnBoarding;
			sourceTree = "<group>";
		};
		84E20C5D2625D86C002DBAF5 /* BaseClasses */ = {
			isa = PBXGroup;
			children = (
				84E20C5E2625D886002DBAF5 /* TopRoundCornerView.swift */,
				84E20C642625DA97002DBAF5 /* BaseViewController.swift */,
				84E20C672625DAF3002DBAF5 /* RoundCornerView.swift */,
				84E20C6A2625DDED002DBAF5 /* CustomView.swift */,
				848DCFBF2626DC8600B0E934 /* CustomFloatingLabelField.swift */,
				8453F7B226272D2700EC9B83 /* CustomButton.swift */,
			);
			path = BaseClasses;
			sourceTree = "<group>";
		};
		84E20C6D2625F645002DBAF5 /* CircularStd */ = {
			isa = PBXGroup;
			children = (
				843B993F262820CC00DA1681 /* CircularStd-Medium.otf */,
				84E20C6E2625F65A002DBAF5 /* CircularStd-Bold.otf */,
				84E20C6F2625F65A002DBAF5 /* CircularStd-Book.otf */,
			);
			path = CircularStd;
			sourceTree = "<group>";
		};
		84E9CC0C263C11AB00FFEE9A /* OtpFieldView */ = {
			isa = PBXGroup;
			children = (
				84E9CC0D263C11D400FFEE9A /* OTPFieldView.swift */,
				84E9CC0E263C11D400FFEE9A /* OTPTextField.swift */,
			);
			path = OtpFieldView;
			sourceTree = "<group>";
		};
		84F336CA26694CDF0091B990 /* Challange */ = {
			isa = PBXGroup;
			children = (
				84F336CC26694D3A0091B990 /* HowManyTimesAWeekVC.swift */,
				84154D1C266A5695001D6DA2 /* SyncWithCalenderVC.swift */,
			);
			path = Challange;
			sourceTree = "<group>";
		};
		84F336D026694DDF0091B990 /* Planner */ = {
			isa = PBXGroup;
			children = (
				84F336D126694DF10091B990 /* PlannerVC.swift */,
			);
			path = Planner;
			sourceTree = "<group>";
		};
		84F336D5266950D50091B990 /* CarouselView */ = {
			isa = PBXGroup;
			children = (
				84F336DC266952410091B990 /* RoundedButtonView.swift */,
				84F336DB266952410091B990 /* RoundedButtonView.xib */,
				84F336D62669510E0091B990 /* ButtonCarouselView.xib */,
				84F336D72669510E0091B990 /* ButtonsCarouselView.swift */,
				84F336E0266952BE0091B990 /* ViewConstants.swift */,
			);
			path = CarouselView;
			sourceTree = "<group>";
		};
/* End PBXGroup section */

/* Begin PBXNativeTarget section */
		8434702B262470D500566FB2 /* Sway */ = {
			isa = PBXNativeTarget;
			buildConfigurationList = 84347040262470D900566FB2 /* Build configuration list for PBXNativeTarget "Sway" */;
			buildPhases = (
				B37447FC9F665FD687515130 /* [CP] Check Pods Manifest.lock */,
				84347028262470D500566FB2 /* Sources */,
				84347029262470D500566FB2 /* Frameworks */,
				8434702A262470D500566FB2 /* Resources */,
				29563672C6059BDCB5754FBE /* [CP] Embed Pods Frameworks */,
				43C4110C0703672E2F13D208 /* [CP] Copy Pods Resources */,
			);
			buildRules = (
			);
			dependencies = (
			);
			name = Sway;
			productName = Sway;
			productReference = 8434702C262470D500566FB2 /* Sway.app */;
			productType = "com.apple.product-type.application";
		};
/* End PBXNativeTarget section */

/* Begin PBXProject section */
		84347024262470D500566FB2 /* Project object */ = {
			isa = PBXProject;
			attributes = {
				LastSwiftUpdateCheck = 1230;
				LastUpgradeCheck = 1230;
				TargetAttributes = {
					8434702B262470D500566FB2 = {
						CreatedOnToolsVersion = 12.3;
					};
				};
			};
			buildConfigurationList = 84347027262470D500566FB2 /* Build configuration list for PBXProject "Sway" */;
			compatibilityVersion = "Xcode 9.3";
			developmentRegion = en;
			hasScannedForEncodings = 0;
			knownRegions = (
				en,
				Base,
			);
			mainGroup = 84347023262470D500566FB2;
			productRefGroup = 8434702D262470D500566FB2 /* Products */;
			projectDirPath = "";
			projectRoot = "";
			targets = (
				8434702B262470D500566FB2 /* Sway */,
			);
		};
/* End PBXProject section */

/* Begin PBXResourcesBuildPhase section */
		8434702A262470D500566FB2 /* Resources */ = {
			isa = PBXResourcesBuildPhase;
			buildActionMask = 2147483647;
			files = (
				8453B3902625D32A002EB22F /* Poppins-ExtraBold.ttf in Resources */,
				8453B39A2625D32A002EB22F /* Poppins-SemiBold.ttf in Resources */,
				8453B3932625D32A002EB22F /* Poppins-ExtraLightItalic.ttf in Resources */,
				84E20C702625F65A002DBAF5 /* CircularStd-Bold.otf in Resources */,
				84F336D82669510E0091B990 /* ButtonCarouselView.xib in Resources */,
				84063844264D17A2008CFC46 /* Workouts.storyboard in Resources */,
				8453B39D2625D32A002EB22F /* Poppins-Thin.ttf in Resources */,
				843B9940262820CD00DA1681 /* CircularStd-Medium.otf in Resources */,
				8453B3A02625D32A002EB22F /* Poppins-Black.ttf in Resources */,
				8453B3922625D32A002EB22F /* Poppins-Light.ttf in Resources */,
				8453B3952625D32A002EB22F /* Poppins-ExtraLight.ttf in Resources */,
				84595B97262D5AC8009605F5 /* Localizable.strings in Resources */,
				8453B3942625D32A002EB22F /* Poppins-Bold.ttf in Resources */,
				84971163264A40E900BB09DE /* Onboarding.storyboard in Resources */,
				84AC57AC262EECDB00F8BD76 /* GoogleService-Info.plist in Resources */,
				8453B3992625D32A002EB22F /* Poppins-ExtraBoldItalic.ttf in Resources */,
				8406383E264D177D008CFC46 /* Feed.storyboard in Resources */,
				84F3364C2667A6B50091B990 /* Anonymous.storyboard in Resources */,
				8453B3982625D32A002EB22F /* Poppins-SemiBoldItalic.ttf in Resources */,
				8434703C262470D900566FB2 /* LaunchScreen.storyboard in Resources */,
				8453B39B2625D32A002EB22F /* Poppins-Regular.ttf in Resources */,
				84347039262470D900566FB2 /* Assets.xcassets in Resources */,
				84F336DD266952410091B990 /* RoundedButtonView.xib in Resources */,
				84E20C4F2625D4C0002DBAF5 /* Colors.xcassets in Resources */,
				8453B39E2625D32A002EB22F /* Poppins-Italic.ttf in Resources */,
				84D436A7265B8F5700E3BD07 /* HowAgeAffectMyPlan.mp4 in Resources */,
				8460EA302654FEEF00DB577A /* Lato-Bold.ttf in Resources */,
				8453B3962625D32A002EB22F /* Poppins-ThinItalic.ttf in Resources */,
				8453B39F2625D32A002EB22F /* Poppins-Medium.ttf in Resources */,
				8453B39C2625D32A002EB22F /* Poppins-BlackItalic.ttf in Resources */,
				84E20C712625F65A002DBAF5 /* CircularStd-Book.otf in Resources */,
				84347037262470D500566FB2 /* Main.storyboard in Resources */,
				8453B3912625D32A002EB22F /* Poppins-BoldItalic.ttf in Resources */,
				8453B3A12625D32A002EB22F /* Poppins-MediumItalic.ttf in Resources */,
				8453B3972625D32A002EB22F /* Poppins-LightItalic.ttf in Resources */,
				84063841264D1796008CFC46 /* Planner.storyboard in Resources */,
				84F336C826694C950091B990 /* Challenge.storyboard in Resources */,
				84063847264D17AF008CFC46 /* Progress.storyboard in Resources */,
			);
			runOnlyForDeploymentPostprocessing = 0;
		};
/* End PBXResourcesBuildPhase section */

/* Begin PBXShellScriptBuildPhase section */
		29563672C6059BDCB5754FBE /* [CP] Embed Pods Frameworks */ = {
			isa = PBXShellScriptBuildPhase;
			buildActionMask = 2147483647;
			files = (
			);
			inputFileListPaths = (
				"${PODS_ROOT}/Target Support Files/Pods-Sway/Pods-Sway-frameworks-${CONFIGURATION}-input-files.xcfilelist",
			);
			name = "[CP] Embed Pods Frameworks";
			outputFileListPaths = (
				"${PODS_ROOT}/Target Support Files/Pods-Sway/Pods-Sway-frameworks-${CONFIGURATION}-output-files.xcfilelist",
			);
			runOnlyForDeploymentPostprocessing = 0;
			shellPath = /bin/sh;
			shellScript = "\"${PODS_ROOT}/Target Support Files/Pods-Sway/Pods-Sway-frameworks.sh\"\n";
			showEnvVarsInLog = 0;
		};
		43C4110C0703672E2F13D208 /* [CP] Copy Pods Resources */ = {
			isa = PBXShellScriptBuildPhase;
			buildActionMask = 2147483647;
			files = (
			);
			inputFileListPaths = (
				"${PODS_ROOT}/Target Support Files/Pods-Sway/Pods-Sway-resources-${CONFIGURATION}-input-files.xcfilelist",
			);
			name = "[CP] Copy Pods Resources";
			outputFileListPaths = (
				"${PODS_ROOT}/Target Support Files/Pods-Sway/Pods-Sway-resources-${CONFIGURATION}-output-files.xcfilelist",
			);
			runOnlyForDeploymentPostprocessing = 0;
			shellPath = /bin/sh;
			shellScript = "\"${PODS_ROOT}/Target Support Files/Pods-Sway/Pods-Sway-resources.sh\"\n";
			showEnvVarsInLog = 0;
		};
		B37447FC9F665FD687515130 /* [CP] Check Pods Manifest.lock */ = {
			isa = PBXShellScriptBuildPhase;
			buildActionMask = 2147483647;
			files = (
			);
			inputFileListPaths = (
			);
			inputPaths = (
				"${PODS_PODFILE_DIR_PATH}/Podfile.lock",
				"${PODS_ROOT}/Manifest.lock",
			);
			name = "[CP] Check Pods Manifest.lock";
			outputFileListPaths = (
			);
			outputPaths = (
				"$(DERIVED_FILE_DIR)/Pods-Sway-checkManifestLockResult.txt",
			);
			runOnlyForDeploymentPostprocessing = 0;
			shellPath = /bin/sh;
			shellScript = "diff \"${PODS_PODFILE_DIR_PATH}/Podfile.lock\" \"${PODS_ROOT}/Manifest.lock\" > /dev/null\nif [ $? != 0 ] ; then\n    # print error to STDERR\n    echo \"error: The sandbox is not in sync with the Podfile.lock. Run 'pod install' or update your CocoaPods installation.\" >&2\n    exit 1\nfi\n# This output is used by Xcode 'outputs' to avoid re-running this script phase.\necho \"SUCCESS\" > \"${SCRIPT_OUTPUT_FILE_0}\"\n";
			showEnvVarsInLog = 0;
		};
/* End PBXShellScriptBuildPhase section */

/* Begin PBXSourcesBuildPhase section */
		84347028262470D500566FB2 /* Sources */ = {
			isa = PBXSourcesBuildPhase;
			buildActionMask = 2147483647;
			files = (
				84E9CC0F263C11D400FFEE9A /* OTPFieldView.swift in Sources */,
				84595BBA262DB125009605F5 /* Utility.swift in Sources */,
				843F53202653AA1A00B3288C /* AddVideoVC.swift in Sources */,
				84E20C5A2625D644002DBAF5 /* SignupVC.swift in Sources */,
				8460EA802657881000DB577A /* FeedsResponse.swift in Sources */,
				84E20C6B2625DDED002DBAF5 /* CustomView.swift in Sources */,
				84347034262470D500566FB2 /* ViewController.swift in Sources */,
				842365F826441649001DA7E6 /* UserDefaults.swift in Sources */,
				84C6D23C2625FC1600DD2CBC /* LoginVC.swift in Sources */,
				84F336E4266953110091B990 /* UIView+Ext.swift in Sources */,
				84E9CAE3263A7C9700FFEE9A /* AlertView.swift in Sources */,
				84342403263176040025700B /* FacebookLoginManager.swift in Sources */,
				842AE408265E7BE2002E9BC7 /* CommentsVC.swift in Sources */,
				8460EA872657E23E00DB577A /* HomeVCOld.swift in Sources */,
				843F52F62652679B00B3288C /* FeedsCell.swift in Sources */,
				84347030262470D500566FB2 /* AppDelegate.swift in Sources */,
				8434706326247A6A00566FB2 /* ResponseStatus.swift in Sources */,
				842AE48E265FDAE8002E9BC7 /* CommentsViewModel.swift in Sources */,
				84E20C562625D5D0002DBAF5 /* UIStoryboard+Ext.swift in Sources */,
				84C6D2392625F9AC00DD2CBC /* UIFont+Ext.swift in Sources */,
				848DCFBD2626DA2B00B0E934 /* LoginViaCredentialsVC.swift in Sources */,
				8459E8DD2648EE0700A7DB8D /* PasswordChangeSuccessVC.swift in Sources */,
				847D64F3264BDA32006E8F95 /* OnboardingEndVC.swift in Sources */,
				8414794B2653F7C2007614BC /* AddVideoViewModel.swift in Sources */,
				8444ADB22642BC3500D54580 /* SetProfilePictureVC.swift in Sources */,
				8460EA332655001400DB577A /* WorkoutButton.swift in Sources */,
				84595B9D262D61C3009605F5 /* SocialSignupResponse.swift in Sources */,
				842AE48B265F6C66002E9BC7 /* PredefinedCommentResponse.swift in Sources */,
				842365F22643CD33001DA7E6 /* VerifyOtpResponse.swift in Sources */,
				842AE491265FDCA2002E9BC7 /* CommentsResponse.swift in Sources */,
				84E20C652625DA97002DBAF5 /* BaseViewController.swift in Sources */,
				847D64F6264BEF61006E8F95 /* OnboardingStartVC.swift in Sources */,
				8414794E2653FAA1007614BC /* VideoUtility.swift in Sources */,
				84347032262470D500566FB2 /* SceneDelegate.swift in Sources */,
				8453011926388CF200FD31C7 /* LoginResponse.swift in Sources */,
				8460EA752656964C00DB577A /* FeedsViewModel.swift in Sources */,
				8460EA83265789AF00DB577A /* FeedsEndPoint.swift in Sources */,
				8434704F262474B900566FB2 /* Constants.swift in Sources */,
				84595B83262D5713009605F5 /* AppleLoginManager.swift in Sources */,
				84F336E72669D7990091B990 /* CarouselCell.swift in Sources */,
				84F336E1266952BE0091B990 /* ViewConstants.swift in Sources */,
				847D64ED264BB7F5006E8F95 /* GoalOptionView.swift in Sources */,
				842365F52643FF80001DA7E6 /* HomeVC.swift in Sources */,
				848DCFC02626DC8600B0E934 /* CustomFloatingLabelField.swift in Sources */,
				843423FE26314B480025700B /* GoogleSignInManager.swift in Sources */,
				8444ADAF2641B43800D54580 /* SetupPasswordVC.swift in Sources */,
				84595BBD262DB2DB009605F5 /* UIApplication+Ext.swift in Sources */,
				84C6D23F2625FD6000DD2CBC /* UITapGesture+Ext.swift in Sources */,
				84F3364F2667A6E40091B990 /* SubscriptionVC.swift in Sources */,
				84F336D92669510E0091B990 /* ButtonsCarouselView.swift in Sources */,
				84595BA9262DA3D0009605F5 /* UserManager.swift in Sources */,
				8460EA792656D83C00DB577A /* MySubmissionsVC.swift in Sources */,
				844D4DD826417999006DF6F2 /* EmptyDataResponse.swift in Sources */,
				8434705D2624782400566FB2 /* API.swift in Sources */,
				84E20C682625DAF3002DBAF5 /* RoundCornerView.swift in Sources */,
				84F336D226694DF10091B990 /* PlannerVC.swift in Sources */,
				8460EA7C2656E72400DB577A /* MySubmissionCell.swift in Sources */,
				84649A242660AF1300583971 /* Date+Ext.swift in Sources */,
				84595B8B262D5755009605F5 /* DataManager.swift in Sources */,
				84347060262478C100566FB2 /* EndPoint.swift in Sources */,
				8459E8DA26458A7F00A7DB8D /* ForgotPasswordVC.swift in Sources */,
				842AE40C265E907F002E9BC7 /* PredefinedCommentsCell.swift in Sources */,
				84595B87262D5730009605F5 /* SocialLoginManager.swift in Sources */,
				843F52F02652382C00B3288C /* VideoResponse.swift in Sources */,
				84E9CC10263C11D400FFEE9A /* OTPTextField.swift in Sources */,
				84F3364926679E860091B990 /* Helper.swift in Sources */,
				84595BA3262D9F58009605F5 /* KeyChain.swift in Sources */,
				8498092F2637BEFE00E546A3 /* GuestNewsFeed.swift in Sources */,
				84F336CD26694D3A0091B990 /* HowManyTimesAWeekVC.swift in Sources */,
				84F336DE266952410091B990 /* RoundedButtonView.swift in Sources */,
				84F3367B2668A7050091B990 /* ImageUtility.swift in Sources */,
				847D64F0264BBE7E006E8F95 /* SelectGoalVC.swift in Sources */,
				8469BB672660E15D005BCE0C /* UIViewController+Ext.swift in Sources */,
				8453F7B326272D2700EC9B83 /* CustomButton.swift in Sources */,
				84971167264A415D00BB09DE /* HowOldVC.swift in Sources */,
				84E20C5F2625D886002DBAF5 /* TopRoundCornerView.swift in Sources */,
				842AE405265E7370002E9BC7 /* ViewImageVC.swift in Sources */,
				842AE494265FE0F1002E9BC7 /* CommentCell.swift in Sources */,
				84595B9A262D5B67009605F5 /* AppleLoginManagersDelegate.swift in Sources */,
				843B993A2628026900DA1681 /* Register1VC.swift in Sources */,
				843B993D26281C9500DA1681 /* IntroViewController.swift in Sources */,
				842364E82642FD5E001DA7E6 /* AWSUploadController.swift in Sources */,
				84595BA6262D9FA6009605F5 /* UserData.swift in Sources */,
				84C6D2362625F8F600DD2CBC /* UILabel+Ext.swift in Sources */,
				8434706626247B8500566FB2 /* CustomRefreshRetrier.swift in Sources */,
				8434706926247C5400566FB2 /* String+Ext.swift in Sources */,
				84595BA0262D9F35009605F5 /* UserDataKeyChain.swift in Sources */,
				8434705A2624780100566FB2 /* LoginRegisterEndPoint.swift in Sources */,
				84154D1D266A5695001D6DA2 /* SyncWithCalenderVC.swift in Sources */,
				84E9CB78263BF52E00FFEE9A /* VerifyOtpVC.swift in Sources */,
				8406384C264D191F008CFC46 /* SwayTabbarVC.swift in Sources */,
			);
			runOnlyForDeploymentPostprocessing = 0;
		};
/* End PBXSourcesBuildPhase section */

/* Begin PBXVariantGroup section */
		84347035262470D500566FB2 /* Main.storyboard */ = {
			isa = PBXVariantGroup;
			children = (
				84347036262470D500566FB2 /* Base */,
			);
			name = Main.storyboard;
			sourceTree = "<group>";
		};
		8434703A262470D900566FB2 /* LaunchScreen.storyboard */ = {
			isa = PBXVariantGroup;
			children = (
				8434703B262470D900566FB2 /* Base */,
			);
			name = LaunchScreen.storyboard;
			sourceTree = "<group>";
		};
/* End PBXVariantGroup section */

/* Begin XCBuildConfiguration section */
		8434703E262470D900566FB2 /* Debug */ = {
			isa = XCBuildConfiguration;
			buildSettings = {
				ALWAYS_SEARCH_USER_PATHS = NO;
				CLANG_ANALYZER_NONNULL = YES;
				CLANG_ANALYZER_NUMBER_OBJECT_CONVERSION = YES_AGGRESSIVE;
				CLANG_CXX_LANGUAGE_STANDARD = "gnu++14";
				CLANG_CXX_LIBRARY = "libc++";
				CLANG_ENABLE_MODULES = YES;
				CLANG_ENABLE_OBJC_ARC = YES;
				CLANG_ENABLE_OBJC_WEAK = YES;
				CLANG_WARN_BLOCK_CAPTURE_AUTORELEASING = YES;
				CLANG_WARN_BOOL_CONVERSION = YES;
				CLANG_WARN_COMMA = YES;
				CLANG_WARN_CONSTANT_CONVERSION = YES;
				CLANG_WARN_DEPRECATED_OBJC_IMPLEMENTATIONS = YES;
				CLANG_WARN_DIRECT_OBJC_ISA_USAGE = YES_ERROR;
				CLANG_WARN_DOCUMENTATION_COMMENTS = YES;
				CLANG_WARN_EMPTY_BODY = YES;
				CLANG_WARN_ENUM_CONVERSION = YES;
				CLANG_WARN_INFINITE_RECURSION = YES;
				CLANG_WARN_INT_CONVERSION = YES;
				CLANG_WARN_NON_LITERAL_NULL_CONVERSION = YES;
				CLANG_WARN_OBJC_IMPLICIT_RETAIN_SELF = YES;
				CLANG_WARN_OBJC_LITERAL_CONVERSION = YES;
				CLANG_WARN_OBJC_ROOT_CLASS = YES_ERROR;
				CLANG_WARN_QUOTED_INCLUDE_IN_FRAMEWORK_HEADER = YES;
				CLANG_WARN_RANGE_LOOP_ANALYSIS = YES;
				CLANG_WARN_STRICT_PROTOTYPES = YES;
				CLANG_WARN_SUSPICIOUS_MOVE = YES;
				CLANG_WARN_UNGUARDED_AVAILABILITY = YES_AGGRESSIVE;
				CLANG_WARN_UNREACHABLE_CODE = YES;
				CLANG_WARN__DUPLICATE_METHOD_MATCH = YES;
				COPY_PHASE_STRIP = NO;
				DEBUG_INFORMATION_FORMAT = dwarf;
				ENABLE_STRICT_OBJC_MSGSEND = YES;
				ENABLE_TESTABILITY = YES;
				GCC_C_LANGUAGE_STANDARD = gnu11;
				GCC_DYNAMIC_NO_PIC = NO;
				GCC_NO_COMMON_BLOCKS = YES;
				GCC_OPTIMIZATION_LEVEL = 0;
				GCC_PREPROCESSOR_DEFINITIONS = (
					"DEBUG=1",
					"$(inherited)",
				);
				GCC_WARN_64_TO_32_BIT_CONVERSION = YES;
				GCC_WARN_ABOUT_RETURN_TYPE = YES_ERROR;
				GCC_WARN_UNDECLARED_SELECTOR = YES;
				GCC_WARN_UNINITIALIZED_AUTOS = YES_AGGRESSIVE;
				GCC_WARN_UNUSED_FUNCTION = YES;
				GCC_WARN_UNUSED_VARIABLE = YES;
				IPHONEOS_DEPLOYMENT_TARGET = 14.3;
				MTL_ENABLE_DEBUG_INFO = INCLUDE_SOURCE;
				MTL_FAST_MATH = YES;
				ONLY_ACTIVE_ARCH = YES;
				SDKROOT = iphoneos;
				SWIFT_ACTIVE_COMPILATION_CONDITIONS = DEBUG;
				SWIFT_OPTIMIZATION_LEVEL = "-Onone";
			};
			name = Debug;
		};
		8434703F262470D900566FB2 /* Release */ = {
			isa = XCBuildConfiguration;
			buildSettings = {
				ALWAYS_SEARCH_USER_PATHS = NO;
				CLANG_ANALYZER_NONNULL = YES;
				CLANG_ANALYZER_NUMBER_OBJECT_CONVERSION = YES_AGGRESSIVE;
				CLANG_CXX_LANGUAGE_STANDARD = "gnu++14";
				CLANG_CXX_LIBRARY = "libc++";
				CLANG_ENABLE_MODULES = YES;
				CLANG_ENABLE_OBJC_ARC = YES;
				CLANG_ENABLE_OBJC_WEAK = YES;
				CLANG_WARN_BLOCK_CAPTURE_AUTORELEASING = YES;
				CLANG_WARN_BOOL_CONVERSION = YES;
				CLANG_WARN_COMMA = YES;
				CLANG_WARN_CONSTANT_CONVERSION = YES;
				CLANG_WARN_DEPRECATED_OBJC_IMPLEMENTATIONS = YES;
				CLANG_WARN_DIRECT_OBJC_ISA_USAGE = YES_ERROR;
				CLANG_WARN_DOCUMENTATION_COMMENTS = YES;
				CLANG_WARN_EMPTY_BODY = YES;
				CLANG_WARN_ENUM_CONVERSION = YES;
				CLANG_WARN_INFINITE_RECURSION = YES;
				CLANG_WARN_INT_CONVERSION = YES;
				CLANG_WARN_NON_LITERAL_NULL_CONVERSION = YES;
				CLANG_WARN_OBJC_IMPLICIT_RETAIN_SELF = YES;
				CLANG_WARN_OBJC_LITERAL_CONVERSION = YES;
				CLANG_WARN_OBJC_ROOT_CLASS = YES_ERROR;
				CLANG_WARN_QUOTED_INCLUDE_IN_FRAMEWORK_HEADER = YES;
				CLANG_WARN_RANGE_LOOP_ANALYSIS = YES;
				CLANG_WARN_STRICT_PROTOTYPES = YES;
				CLANG_WARN_SUSPICIOUS_MOVE = YES;
				CLANG_WARN_UNGUARDED_AVAILABILITY = YES_AGGRESSIVE;
				CLANG_WARN_UNREACHABLE_CODE = YES;
				CLANG_WARN__DUPLICATE_METHOD_MATCH = YES;
				COPY_PHASE_STRIP = NO;
				DEBUG_INFORMATION_FORMAT = "dwarf-with-dsym";
				ENABLE_NS_ASSERTIONS = NO;
				ENABLE_STRICT_OBJC_MSGSEND = YES;
				GCC_C_LANGUAGE_STANDARD = gnu11;
				GCC_NO_COMMON_BLOCKS = YES;
				GCC_WARN_64_TO_32_BIT_CONVERSION = YES;
				GCC_WARN_ABOUT_RETURN_TYPE = YES_ERROR;
				GCC_WARN_UNDECLARED_SELECTOR = YES;
				GCC_WARN_UNINITIALIZED_AUTOS = YES_AGGRESSIVE;
				GCC_WARN_UNUSED_FUNCTION = YES;
				GCC_WARN_UNUSED_VARIABLE = YES;
				IPHONEOS_DEPLOYMENT_TARGET = 14.3;
				MTL_ENABLE_DEBUG_INFO = NO;
				MTL_FAST_MATH = YES;
				SDKROOT = iphoneos;
				SWIFT_COMPILATION_MODE = wholemodule;
				SWIFT_OPTIMIZATION_LEVEL = "-O";
				VALIDATE_PRODUCT = YES;
			};
			name = Release;
		};
		84347041262470D900566FB2 /* Debug */ = {
			isa = XCBuildConfiguration;
			baseConfigurationReference = C42456E3907844C9B1664FEC /* Pods-Sway.debug.xcconfig */;
			buildSettings = {
				ASSETCATALOG_COMPILER_APPICON_NAME = AppIcon;
				ASSETCATALOG_COMPILER_GLOBAL_ACCENT_COLOR_NAME = AccentColor;
				CODE_SIGN_ENTITLEMENTS = Sway/Sway.entitlements;
				CODE_SIGN_IDENTITY = "Apple Development";
				CODE_SIGN_STYLE = Automatic;
				CURRENT_PROJECT_VERSION = 1.2;
				DEVELOPMENT_TEAM = 72S2XG2634;
				INFOPLIST_FILE = Sway/Info.plist;
				IPHONEOS_DEPLOYMENT_TARGET = 13.0;
				LD_RUNPATH_SEARCH_PATHS = (
					"$(inherited)",
					"@executable_path/Frameworks",
				);
				MARKETING_VERSION = 1.0;
				PRODUCT_BUNDLE_IDENTIFIER = com.swaywithsarah.app;
				PRODUCT_NAME = "$(TARGET_NAME)";
				PROVISIONING_PROFILE_SPECIFIER = "";
				SWIFT_VERSION = 5.0;
				TARGETED_DEVICE_FAMILY = 1;
			};
			name = Debug;
		};
		84347042262470D900566FB2 /* Release */ = {
			isa = XCBuildConfiguration;
			baseConfigurationReference = 8DEECC3064A268C35B7B4764 /* Pods-Sway.release.xcconfig */;
			buildSettings = {
				ASSETCATALOG_COMPILER_APPICON_NAME = AppIcon;
				ASSETCATALOG_COMPILER_GLOBAL_ACCENT_COLOR_NAME = AccentColor;
				CODE_SIGN_ENTITLEMENTS = Sway/Sway.entitlements;
				CODE_SIGN_IDENTITY = "Apple Development";
				CODE_SIGN_STYLE = Automatic;
				CURRENT_PROJECT_VERSION = 1.2;
				DEVELOPMENT_TEAM = 72S2XG2634;
				INFOPLIST_FILE = Sway/Info.plist;
				IPHONEOS_DEPLOYMENT_TARGET = 13.0;
				LD_RUNPATH_SEARCH_PATHS = (
					"$(inherited)",
					"@executable_path/Frameworks",
				);
				MARKETING_VERSION = 1.0;
				PRODUCT_BUNDLE_IDENTIFIER = com.swaywithsarah.app;
				PRODUCT_NAME = "$(TARGET_NAME)";
				PROVISIONING_PROFILE_SPECIFIER = "";
				SWIFT_VERSION = 5.0;
				TARGETED_DEVICE_FAMILY = 1;
			};
			name = Release;
		};
/* End XCBuildConfiguration section */

/* Begin XCConfigurationList section */
		84347027262470D500566FB2 /* Build configuration list for PBXProject "Sway" */ = {
			isa = XCConfigurationList;
			buildConfigurations = (
				8434703E262470D900566FB2 /* Debug */,
				8434703F262470D900566FB2 /* Release */,
			);
			defaultConfigurationIsVisible = 0;
			defaultConfigurationName = Release;
		};
		84347040262470D900566FB2 /* Build configuration list for PBXNativeTarget "Sway" */ = {
			isa = XCConfigurationList;
			buildConfigurations = (
				84347041262470D900566FB2 /* Debug */,
				84347042262470D900566FB2 /* Release */,
			);
			defaultConfigurationIsVisible = 0;
			defaultConfigurationName = Release;
		};
/* End XCConfigurationList section */
	};
	rootObject = 84347024262470D500566FB2 /* Project object */;
}
